// !$*UTF8*$!
{
	archiveVersion = 1;
	classes = {
	};
	objectVersion = 46;
	objects = {

/* Begin PBXBuildFile section */
		AA08D2A32000A9570062C7CE /* GXNetwork.framework in Frameworks */ = {isa = PBXBuildFile; fileRef = AA08D2682000A8010062C7CE /* GXNetwork.framework */; };
		AA08D2A42000A9570062C7CE /* GXPageView.framework in Frameworks */ = {isa = PBXBuildFile; fileRef = AA08D25F2000A7FA0062C7CE /* GXPageView.framework */; };
		AA08D2A52000A9570062C7CE /* GXPodContainer.framework in Frameworks */ = {isa = PBXBuildFile; fileRef = AA08D2A22000A94C0062C7CE /* GXPodContainer.framework */; };
		AA08D2A62000A9570062C7CE /* GXRuler.framework in Frameworks */ = {isa = PBXBuildFile; fileRef = AA08D2712000A8080062C7CE /* GXRuler.framework */; };
		AA5358102063E1DB00631810 /* GXPhoneMutbleArrTest.m in Sources */ = {isa = PBXBuildFile; fileRef = AA53580F2063E1DB00631810 /* GXPhoneMutbleArrTest.m */; };
		AA6AE2B0205F99E600E447E9 /* GXPhoneStringSeparateTest.m in Sources */ = {isa = PBXBuildFile; fileRef = AA6AE2AF205F99E600E447E9 /* GXPhoneStringSeparateTest.m */; };
		AA781E8E205E3E0C0017B155 /* GXPhonePointerTest.m in Sources */ = {isa = PBXBuildFile; fileRef = AA781E8D205E3E0C0017B155 /* GXPhonePointerTest.m */; };
		AA9A6D542053D8E400EBDFD3 /* GXPhoneRetainCountTest.m in Sources */ = {isa = PBXBuildFile; fileRef = AA9A6D532053D8E400EBDFD3 /* GXPhoneRetainCountTest.m */; };
		AAB84D8C2041037400F98FD2 /* GXPhoneTwoScrollVC.h in Headers */ = {isa = PBXBuildFile; fileRef = AAB84D892041037400F98FD2 /* GXPhoneTwoScrollVC.h */; };
		AAB84D8D2041037400F98FD2 /* GXPhoneTwoScrollVC.m in Sources */ = {isa = PBXBuildFile; fileRef = AAB84D8A2041037400F98FD2 /* GXPhoneTwoScrollVC.m */; };
		AAB84D9120410CFE00F98FD2 /* GXPhoneTwoScrollView.h in Headers */ = {isa = PBXBuildFile; fileRef = AAB84D8F20410CFE00F98FD2 /* GXPhoneTwoScrollView.h */; };
		AAB84D9220410CFE00F98FD2 /* GXPhoneTwoScrollView.m in Sources */ = {isa = PBXBuildFile; fileRef = AAB84D9020410CFE00F98FD2 /* GXPhoneTwoScrollView.m */; };
		AAD5D921204A9AA900E9D08E /* GXPhoneTwoScrollVC+One.h in Headers */ = {isa = PBXBuildFile; fileRef = AAD5D91F204A9AA900E9D08E /* GXPhoneTwoScrollVC+One.h */; };
		AAD5D922204A9AA900E9D08E /* GXPhoneTwoScrollVC+One.m in Sources */ = {isa = PBXBuildFile; fileRef = AAD5D920204A9AA900E9D08E /* GXPhoneTwoScrollVC+One.m */; };
		AAD5D928204A9AC300E9D08E /* GXPhoneTwoScrollVC+Two.h in Headers */ = {isa = PBXBuildFile; fileRef = AAD5D926204A9AC300E9D08E /* GXPhoneTwoScrollVC+Two.h */; };
		AAD5D929204A9AC300E9D08E /* GXPhoneTwoScrollVC+Two.m in Sources */ = {isa = PBXBuildFile; fileRef = AAD5D927204A9AC300E9D08E /* GXPhoneTwoScrollVC+Two.m */; };
		AAF238E0204E3DD000191285 /* dynamic.js in Resources */ = {isa = PBXBuildFile; fileRef = AAF238DF204E3DD000191285 /* dynamic.js */; };
		AAF238E3204E3E5F00191285 /* GXPhoneJSModel.h in Headers */ = {isa = PBXBuildFile; fileRef = AAF238E1204E3E5F00191285 /* GXPhoneJSModel.h */; };
		AAF238E4204E3E5F00191285 /* GXPhoneJSModel.m in Sources */ = {isa = PBXBuildFile; fileRef = AAF238E2204E3E5F00191285 /* GXPhoneJSModel.m */; };
		AAF238E6204E4CEC00191285 /* GXPhoneJSTest.m in Sources */ = {isa = PBXBuildFile; fileRef = AAF238E5204E4CEC00191285 /* GXPhoneJSTest.m */; };
		AAF238EA204E66F000191285 /* README.md in Resources */ = {isa = PBXBuildFile; fileRef = AAF238E9204E66F000191285 /* README.md */; };
		AAF23963204F86FD00191285 /* GXPhoneArithmeticHelper.h in Headers */ = {isa = PBXBuildFile; fileRef = AAF23961204F86FD00191285 /* GXPhoneArithmeticHelper.h */; };
		AAF23964204F86FD00191285 /* GXPhoneArithmeticHelper.m in Sources */ = {isa = PBXBuildFile; fileRef = AAF23962204F86FD00191285 /* GXPhoneArithmeticHelper.m */; };
		AAF23966204F882A00191285 /* GXPhoneArithmeticTest.m in Sources */ = {isa = PBXBuildFile; fileRef = AAF23965204F882A00191285 /* GXPhoneArithmeticTest.m */; };
		B716D3D11F4C4BEB00860791 /* main.m in Sources */ = {isa = PBXBuildFile; fileRef = B716D3D01F4C4BEB00860791 /* main.m */; };
		B716D3E61F4C4C4200860791 /* GXPhone.framework in Frameworks */ = {isa = PBXBuildFile; fileRef = B755550C1F3C502C008D0D01 /* GXPhone.framework */; };
		B716D3E71F4C4C4200860791 /* GXPhone.framework in Embed Frameworks */ = {isa = PBXBuildFile; fileRef = B755550C1F3C502C008D0D01 /* GXPhone.framework */; settings = {ATTRIBUTES = (CodeSignOnCopy, RemoveHeadersOnCopy, ); }; };
		B74495DE1F56B3970018CC0F /* GXPhoneNavigator.h in Headers */ = {isa = PBXBuildFile; fileRef = B74495DA1F56B3970018CC0F /* GXPhoneNavigator.h */; };
		B74495DF1F56B3970018CC0F /* GXPhoneNavigator.m in Sources */ = {isa = PBXBuildFile; fileRef = B74495DB1F56B3970018CC0F /* GXPhoneNavigator.m */; };
		B74495E01F56B3970018CC0F /* GXPhoneRouter.h in Headers */ = {isa = PBXBuildFile; fileRef = B74495DC1F56B3970018CC0F /* GXPhoneRouter.h */; };
		B74495E11F56B3970018CC0F /* GXPhoneRouter.m in Sources */ = {isa = PBXBuildFile; fileRef = B74495DD1F56B3970018CC0F /* GXPhoneRouter.m */; };
		B75555161F3C502C008D0D01 /* GXPhone.framework in Frameworks */ = {isa = PBXBuildFile; fileRef = B755550C1F3C502C008D0D01 /* GXPhone.framework */; };
		B755551B1F3C502C008D0D01 /* GXPhoneTests.m in Sources */ = {isa = PBXBuildFile; fileRef = B755551A1F3C502C008D0D01 /* GXPhoneTests.m */; };
		B755551D1F3C502C008D0D01 /* GXPhone.h in Headers */ = {isa = PBXBuildFile; fileRef = B755550F1F3C502C008D0D01 /* GXPhone.h */; settings = {ATTRIBUTES = (Public, ); }; };
		B75555371F3C5493008D0D01 /* GXPhoneAppDelegate.h in Headers */ = {isa = PBXBuildFile; fileRef = B75555351F3C5493008D0D01 /* GXPhoneAppDelegate.h */; settings = {ATTRIBUTES = (Public, ); }; };
		B75555381F3C5493008D0D01 /* GXPhoneAppDelegate.m in Sources */ = {isa = PBXBuildFile; fileRef = B75555361F3C5493008D0D01 /* GXPhoneAppDelegate.m */; };
		B759B9FF1F7A2C3700BD1DF6 /* GXPhoneTouchTwoVC.h in Headers */ = {isa = PBXBuildFile; fileRef = B759B9FD1F7A2C3700BD1DF6 /* GXPhoneTouchTwoVC.h */; };
		B759BA001F7A2C3700BD1DF6 /* GXPhoneTouchTwoVC.m in Sources */ = {isa = PBXBuildFile; fileRef = B759B9FE1F7A2C3700BD1DF6 /* GXPhoneTouchTwoVC.m */; };
		B77153EF1F8A211B004E8F6F /* GXPhoneVideoModel.h in Headers */ = {isa = PBXBuildFile; fileRef = B77153ED1F8A211B004E8F6F /* GXPhoneVideoModel.h */; };
		B77153F01F8A211B004E8F6F /* GXPhoneVideoModel.m in Sources */ = {isa = PBXBuildFile; fileRef = B77153EE1F8A211B004E8F6F /* GXPhoneVideoModel.m */; };
		B780481B1F735D80004B5E5B /* GXPikerViewVC.h in Headers */ = {isa = PBXBuildFile; fileRef = B78048191F735D80004B5E5B /* GXPikerViewVC.h */; };
		B780481C1F735D80004B5E5B /* GXPikerViewVC.m in Sources */ = {isa = PBXBuildFile; fileRef = B780481A1F735D80004B5E5B /* GXPikerViewVC.m */; };
		B78048201F735DF9004B5E5B /* GXPhoneLabelTestVC.h in Headers */ = {isa = PBXBuildFile; fileRef = B780481E1F735DF9004B5E5B /* GXPhoneLabelTestVC.h */; };
		B78048211F735DF9004B5E5B /* GXPhoneLabelTestVC.m in Sources */ = {isa = PBXBuildFile; fileRef = B780481F1F735DF9004B5E5B /* GXPhoneLabelTestVC.m */; };
		B78048231F735EF1004B5E5B /* GXPhonePCH.pch in Headers */ = {isa = PBXBuildFile; fileRef = B78048221F735EF1004B5E5B /* GXPhonePCH.pch */; };
		B78048411F736252004B5E5B /* GXPhoneCategoryVC.h in Headers */ = {isa = PBXBuildFile; fileRef = B78048371F736252004B5E5B /* GXPhoneCategoryVC.h */; };
		B78048421F736252004B5E5B /* GXPhoneCategoryVC.m in Sources */ = {isa = PBXBuildFile; fileRef = B78048381F736252004B5E5B /* GXPhoneCategoryVC.m */; };
		B78048431F736252004B5E5B /* GXPhoneCategoryVM.h in Headers */ = {isa = PBXBuildFile; fileRef = B78048391F736252004B5E5B /* GXPhoneCategoryVM.h */; };
		B78048441F736252004B5E5B /* GXPhoneCategoryVM.m in Sources */ = {isa = PBXBuildFile; fileRef = B780483A1F736252004B5E5B /* GXPhoneCategoryVM.m */; };
		B78048451F736252004B5E5B /* GXPhoneSearchVC.h in Headers */ = {isa = PBXBuildFile; fileRef = B780483C1F736252004B5E5B /* GXPhoneSearchVC.h */; };
		B78048461F736252004B5E5B /* GXPhoneSearchVC.m in Sources */ = {isa = PBXBuildFile; fileRef = B780483D1F736252004B5E5B /* GXPhoneSearchVC.m */; };
		B78048471F736252004B5E5B /* GXPhoneUserVC.h in Headers */ = {isa = PBXBuildFile; fileRef = B780483F1F736252004B5E5B /* GXPhoneUserVC.h */; };
		B78048481F736252004B5E5B /* GXPhoneUserVC.m in Sources */ = {isa = PBXBuildFile; fileRef = B78048401F736252004B5E5B /* GXPhoneUserVC.m */; };
		B78048B31F73BD2C004B5E5B /* GXPhoneCountDownVC.h in Headers */ = {isa = PBXBuildFile; fileRef = B78048B11F73BD2C004B5E5B /* GXPhoneCountDownVC.h */; };
		B78048B41F73BD2C004B5E5B /* GXPhoneCountDownVC.m in Sources */ = {isa = PBXBuildFile; fileRef = B78048B21F73BD2C004B5E5B /* GXPhoneCountDownVC.m */; };
		B7B6851D1F41AC4D00306EF5 /* GXPhone.xcassets in Resources */ = {isa = PBXBuildFile; fileRef = B7B6851C1F41AC4D00306EF5 /* GXPhone.xcassets */; };
		B7B6853B1F41B75B00306EF5 /* startMovie.mp4 in Resources */ = {isa = PBXBuildFile; fileRef = B7B6853A1F41B75B00306EF5 /* startMovie.mp4 */; };
		B7BCCD311F57DC6D006B4135 /* GXPhoneSubStrTest.m in Sources */ = {isa = PBXBuildFile; fileRef = B7BCCD301F57DC6D006B4135 /* GXPhoneSubStrTest.m */; };
		B7CCDC5C1F3DBA7C00B06BB3 /* GXPhoneBus.h in Headers */ = {isa = PBXBuildFile; fileRef = B7CCDC5A1F3DBA7C00B06BB3 /* GXPhoneBus.h */; settings = {ATTRIBUTES = (Public, ); }; };
		B7CCDC5D1F3DBA7C00B06BB3 /* GXPhoneBus.m in Sources */ = {isa = PBXBuildFile; fileRef = B7CCDC5B1F3DBA7C00B06BB3 /* GXPhoneBus.m */; };
		B7CCDC9C1F3DC52000B06BB3 /* GXMainNavigationVC.h in Headers */ = {isa = PBXBuildFile; fileRef = B7CCDC8A1F3DC52000B06BB3 /* GXMainNavigationVC.h */; };
		B7CCDC9D1F3DC52000B06BB3 /* GXMainNavigationVC.m in Sources */ = {isa = PBXBuildFile; fileRef = B7CCDC8B1F3DC52000B06BB3 /* GXMainNavigationVC.m */; };
		B7CCDC9E1F3DC52000B06BB3 /* GXMainTabBarViewController.h in Headers */ = {isa = PBXBuildFile; fileRef = B7CCDC8C1F3DC52000B06BB3 /* GXMainTabBarViewController.h */; };
		B7CCDC9F1F3DC52000B06BB3 /* GXMainTabBarViewController.m in Sources */ = {isa = PBXBuildFile; fileRef = B7CCDC8D1F3DC52000B06BB3 /* GXMainTabBarViewController.m */; };
		B7CCDCCD1F3DC52900B06BB3 /* GXPhoneADelegateVC.h in Headers */ = {isa = PBXBuildFile; fileRef = B7CCDCAC1F3DC52900B06BB3 /* GXPhoneADelegateVC.h */; };
		B7CCDCCE1F3DC52900B06BB3 /* GXPhoneADelegateVC.m in Sources */ = {isa = PBXBuildFile; fileRef = B7CCDCAD1F3DC52900B06BB3 /* GXPhoneADelegateVC.m */; };
		B7CCDCCF1F3DC52900B06BB3 /* GXPhoneBDelegateVC.h in Headers */ = {isa = PBXBuildFile; fileRef = B7CCDCAE1F3DC52900B06BB3 /* GXPhoneBDelegateVC.h */; };
		B7CCDCD01F3DC52900B06BB3 /* GXPhoneBDelegateVC.m in Sources */ = {isa = PBXBuildFile; fileRef = B7CCDCAF1F3DC52900B06BB3 /* GXPhoneBDelegateVC.m */; };
		B7CCDCD11F3DC52900B06BB3 /* GXPhoneDelegateHeader.h in Headers */ = {isa = PBXBuildFile; fileRef = B7CCDCB01F3DC52900B06BB3 /* GXPhoneDelegateHeader.h */; };
		B7CCDCDE1F3DC52900B06BB3 /* GXPhoneProtectVC.h in Headers */ = {isa = PBXBuildFile; fileRef = B7CCDCC31F3DC52900B06BB3 /* GXPhoneProtectVC.h */; };
		B7CCDCDF1F3DC52900B06BB3 /* GXPhoneProtectVC.m in Sources */ = {isa = PBXBuildFile; fileRef = B7CCDCC41F3DC52900B06BB3 /* GXPhoneProtectVC.m */; };
		B7F066401FB5599200E49E85 /* GXPhoneCornerContainerVC.h in Headers */ = {isa = PBXBuildFile; fileRef = B7F0663E1FB5599200E49E85 /* GXPhoneCornerContainerVC.h */; };
		B7F066411FB5599200E49E85 /* GXPhoneCornerContainerVC.m in Sources */ = {isa = PBXBuildFile; fileRef = B7F0663F1FB5599200E49E85 /* GXPhoneCornerContainerVC.m */; };
		B7F066441FB55B9900E49E85 /* GXPhoneCornerTestVC.h in Headers */ = {isa = PBXBuildFile; fileRef = B7F066421FB55B9900E49E85 /* GXPhoneCornerTestVC.h */; };
		B7F066451FB55B9900E49E85 /* GXPhoneCornerTestVC.m in Sources */ = {isa = PBXBuildFile; fileRef = B7F066431FB55B9900E49E85 /* GXPhoneCornerTestVC.m */; };
		B7F066481FB55BB300E49E85 /* GXPhoneCornerTestCell.h in Headers */ = {isa = PBXBuildFile; fileRef = B7F066461FB55BB300E49E85 /* GXPhoneCornerTestCell.h */; };
		B7F066491FB55BB300E49E85 /* GXPhoneCornerTestCell.m in Sources */ = {isa = PBXBuildFile; fileRef = B7F066471FB55BB300E49E85 /* GXPhoneCornerTestCell.m */; };
		E41A6D3720522E1700703405 /* GXPhoneMemoryTest.m in Sources */ = {isa = PBXBuildFile; fileRef = E41A6D3620522E1700703405 /* GXPhoneMemoryTest.m */; };
		E41A6D3C2055925300703405 /* GXPhoneAsyncBlockTest.m in Sources */ = {isa = PBXBuildFile; fileRef = E41A6D3B2055925300703405 /* GXPhoneAsyncBlockTest.m */; };
		E467506F2067F907001FEFA4 /* GXPhoneNotificationThreadTest.m in Sources */ = {isa = PBXBuildFile; fileRef = E467506E2067F907001FEFA4 /* GXPhoneNotificationThreadTest.m */; };
		E467509C206A9A1D001FEFA4 /* GXPhoneOperationTest.m in Sources */ = {isa = PBXBuildFile; fileRef = E467509B206A9A1D001FEFA4 /* GXPhoneOperationTest.m */; };
		E46750B5206BE88D001FEFA4 /* GXPhoneGCDTest.m in Sources */ = {isa = PBXBuildFile; fileRef = E46750B4206BE88D001FEFA4 /* GXPhoneGCDTest.m */; };
		E46750CF206D4266001FEFA4 /* GXPhoneLinguisticTaggerTest.m in Sources */ = {isa = PBXBuildFile; fileRef = E46750CE206D4266001FEFA4 /* GXPhoneLinguisticTaggerTest.m */; };
		E46750D4206D45AD001FEFA4 /* GXPhoneCacheTest.m in Sources */ = {isa = PBXBuildFile; fileRef = E46750D3206D45AD001FEFA4 /* GXPhoneCacheTest.m */; };
		E46750D7206D49FF001FEFA4 /* GXPhoneTwoScrollSubVC.h in Headers */ = {isa = PBXBuildFile; fileRef = E46750D5206D49FF001FEFA4 /* GXPhoneTwoScrollSubVC.h */; };
		E46750D8206D49FF001FEFA4 /* GXPhoneTwoScrollSubVC.m in Sources */ = {isa = PBXBuildFile; fileRef = E46750D6206D49FF001FEFA4 /* GXPhoneTwoScrollSubVC.m */; };
		E47F5950205C2EC9000FA790 /* GXPhoneKVOTest.m in Sources */ = {isa = PBXBuildFile; fileRef = E47F594F205C2EC9000FA790 /* GXPhoneKVOTest.m */; };
		E47F5969205C3718000FA790 /* GXPhoneSynthesizeTest.m in Sources */ = {isa = PBXBuildFile; fileRef = E47F5968205C3718000FA790 /* GXPhoneSynthesizeTest.m */; };
		E47F596F205C3ADF000FA790 /* GXPhoneFather.h in Headers */ = {isa = PBXBuildFile; fileRef = E47F596D205C3ADF000FA790 /* GXPhoneFather.h */; };
		E47F5970205C3ADF000FA790 /* GXPhoneFather.m in Sources */ = {isa = PBXBuildFile; fileRef = E47F596E205C3ADF000FA790 /* GXPhoneFather.m */; };
		E47F5973205C3AE8000FA790 /* GXPhoneChild.h in Headers */ = {isa = PBXBuildFile; fileRef = E47F5971205C3AE8000FA790 /* GXPhoneChild.h */; };
		E47F5974205C3AE8000FA790 /* GXPhoneChild.m in Sources */ = {isa = PBXBuildFile; fileRef = E47F5972205C3AE8000FA790 /* GXPhoneChild.m */; };
		E47F5976205C3CDA000FA790 /* GXPhoneInitMethodTest.m in Sources */ = {isa = PBXBuildFile; fileRef = E47F5975205C3CDA000FA790 /* GXPhoneInitMethodTest.m */; };
		E47F5978205D657E000FA790 /* GXPhoneRuntimeTest.m in Sources */ = {isa = PBXBuildFile; fileRef = E47F5977205D657E000FA790 /* GXPhoneRuntimeTest.m */; };
		E47F597A205D6AF6000FA790 /* GXPhoneBlockTypeTest.m in Sources */ = {isa = PBXBuildFile; fileRef = E47F5979205D6AF6000FA790 /* GXPhoneBlockTypeTest.m */; };
		E47F5990205D93CE000FA790 /* GXPhoneIsKindOfClassTest.m in Sources */ = {isa = PBXBuildFile; fileRef = E47F598F205D93CE000FA790 /* GXPhoneIsKindOfClassTest.m */; };
		E47F5995205D9BB6000FA790 /* GXPhoneTryCatchTest.m in Sources */ = {isa = PBXBuildFile; fileRef = E47F5994205D9BB6000FA790 /* GXPhoneTryCatchTest.m */; };
		E47F59AB205EC6F4000FA790 /* GXPhoneDelegateResponseTest.m in Sources */ = {isa = PBXBuildFile; fileRef = E47F59AA205EC6F4000FA790 /* GXPhoneDelegateResponseTest.m */; };
		E4C3E0051F4C847800C8E69A /* GXPhoneDelayPerformMethodVC.h in Headers */ = {isa = PBXBuildFile; fileRef = E4C3E0031F4C847800C8E69A /* GXPhoneDelayPerformMethodVC.h */; };
		E4C3E0061F4C847800C8E69A /* GXPhoneDelayPerformMethodVC.m in Sources */ = {isa = PBXBuildFile; fileRef = E4C3E0041F4C847800C8E69A /* GXPhoneDelayPerformMethodVC.m */; };
		E4C3E00A1F4C84C000C8E69A /* GXPhoneTouchEventVC.h in Headers */ = {isa = PBXBuildFile; fileRef = E4C3E0081F4C84C000C8E69A /* GXPhoneTouchEventVC.h */; };
		E4C3E00B1F4C84C000C8E69A /* GXPhoneTouchEventVC.m in Sources */ = {isa = PBXBuildFile; fileRef = E4C3E0091F4C84C000C8E69A /* GXPhoneTouchEventVC.m */; };
		E4C3E00E1F4C889800C8E69A /* GXPhoneTouchEventOneView.h in Headers */ = {isa = PBXBuildFile; fileRef = E4C3E00C1F4C889800C8E69A /* GXPhoneTouchEventOneView.h */; };
		E4C3E00F1F4C889800C8E69A /* GXPhoneTouchEventOneView.m in Sources */ = {isa = PBXBuildFile; fileRef = E4C3E00D1F4C889800C8E69A /* GXPhoneTouchEventOneView.m */; };
		E4C3E0121F4C88A400C8E69A /* GXPhoneTouchEventTwoView.h in Headers */ = {isa = PBXBuildFile; fileRef = E4C3E0101F4C88A400C8E69A /* GXPhoneTouchEventTwoView.h */; };
		E4C3E0131F4C88A400C8E69A /* GXPhoneTouchEventTwoView.m in Sources */ = {isa = PBXBuildFile; fileRef = E4C3E0111F4C88A400C8E69A /* GXPhoneTouchEventTwoView.m */; };
		E4C58B831F44AA3A00DF928F /* GXPhoneStackOverflowVC.h in Headers */ = {isa = PBXBuildFile; fileRef = E4C58B811F44AA3A00DF928F /* GXPhoneStackOverflowVC.h */; };
		E4C58B841F44AA3A00DF928F /* GXPhoneStackOverflowVC.m in Sources */ = {isa = PBXBuildFile; fileRef = E4C58B821F44AA3A00DF928F /* GXPhoneStackOverflowVC.m */; };
/* End PBXBuildFile section */

/* Begin PBXContainerItemProxy section */
		AA08D25E2000A7FA0062C7CE /* PBXContainerItemProxy */ = {
			isa = PBXContainerItemProxy;
			containerPortal = AA08D2592000A7FA0062C7CE /* GXPageView.xcodeproj */;
			proxyType = 2;
			remoteGlobalIDString = B744959E1F56B0A80018CC0F;
			remoteInfo = GXPageView;
		};
		AA08D2602000A7FA0062C7CE /* PBXContainerItemProxy */ = {
			isa = PBXContainerItemProxy;
			containerPortal = AA08D2592000A7FA0062C7CE /* GXPageView.xcodeproj */;
			proxyType = 2;
			remoteGlobalIDString = B77B4C7B1F5D6904009FBFF0;
			remoteInfo = GXPageViewShell;
		};
		AA08D2672000A8010062C7CE /* PBXContainerItemProxy */ = {
			isa = PBXContainerItemProxy;
			containerPortal = AA08D2622000A8010062C7CE /* GXNetwork.xcodeproj */;
			proxyType = 2;
			remoteGlobalIDString = B7B685461F41BFA100306EF5;
			remoteInfo = GXNetwork;
		};
		AA08D2692000A8010062C7CE /* PBXContainerItemProxy */ = {
			isa = PBXContainerItemProxy;
			containerPortal = AA08D2622000A8010062C7CE /* GXNetwork.xcodeproj */;
			proxyType = 2;
			remoteGlobalIDString = B7B6854F1F41BFA100306EF5;
			remoteInfo = GXNetworkTests;
		};
		AA08D2702000A8080062C7CE /* PBXContainerItemProxy */ = {
			isa = PBXContainerItemProxy;
			containerPortal = AA08D26B2000A8080062C7CE /* GXRuler.xcodeproj */;
			proxyType = 2;
			remoteGlobalIDString = B7B6846A1F41A98700306EF5;
			remoteInfo = GXRuler;
		};
		AA08D2722000A8080062C7CE /* PBXContainerItemProxy */ = {
			isa = PBXContainerItemProxy;
			containerPortal = AA08D26B2000A8080062C7CE /* GXRuler.xcodeproj */;
			proxyType = 2;
			remoteGlobalIDString = B7B684731F41A98700306EF5;
			remoteInfo = GXRulerTests;
		};
		AA08D2972000A9460062C7CE /* PBXContainerItemProxy */ = {
			isa = PBXContainerItemProxy;
			containerPortal = AA08D26B2000A8080062C7CE /* GXRuler.xcodeproj */;
			proxyType = 1;
			remoteGlobalIDString = B7B684691F41A98700306EF5;
			remoteInfo = GXRuler;
		};
		AA08D2992000A9460062C7CE /* PBXContainerItemProxy */ = {
			isa = PBXContainerItemProxy;
			containerPortal = AA08D2622000A8010062C7CE /* GXNetwork.xcodeproj */;
			proxyType = 1;
			remoteGlobalIDString = B7B685451F41BFA100306EF5;
			remoteInfo = GXNetwork;
		};
		AA08D29B2000A9460062C7CE /* PBXContainerItemProxy */ = {
			isa = PBXContainerItemProxy;
			containerPortal = AA08D2592000A7FA0062C7CE /* GXPageView.xcodeproj */;
			proxyType = 1;
			remoteGlobalIDString = B744959D1F56B0A80018CC0F;
			remoteInfo = GXPageView;
		};
		AA08D2A12000A94C0062C7CE /* PBXContainerItemProxy */ = {
			isa = PBXContainerItemProxy;
			containerPortal = AA08D29D2000A94C0062C7CE /* GXPodContainer.xcodeproj */;
			proxyType = 2;
			remoteGlobalIDString = B77B4B261F5D2694009FBFF0;
			remoteInfo = GXPodContainer;
		};
		AA08D2A72000A99B0062C7CE /* PBXContainerItemProxy */ = {
			isa = PBXContainerItemProxy;
			containerPortal = AA08D29D2000A94C0062C7CE /* GXPodContainer.xcodeproj */;
			proxyType = 1;
			remoteGlobalIDString = B77B4B251F5D2694009FBFF0;
			remoteInfo = GXPodContainer;
		};
		B716D3E81F4C4C4200860791 /* PBXContainerItemProxy */ = {
			isa = PBXContainerItemProxy;
			containerPortal = B75555031F3C502C008D0D01 /* Project object */;
			proxyType = 1;
			remoteGlobalIDString = B755550B1F3C502C008D0D01;
			remoteInfo = GXPhone;
		};
		B75555171F3C502C008D0D01 /* PBXContainerItemProxy */ = {
			isa = PBXContainerItemProxy;
			containerPortal = B75555031F3C502C008D0D01 /* Project object */;
			proxyType = 1;
			remoteGlobalIDString = B755550B1F3C502C008D0D01;
			remoteInfo = GXPhone;
		};
/* End PBXContainerItemProxy section */

/* Begin PBXCopyFilesBuildPhase section */
		B716D3EA1F4C4C4200860791 /* Embed Frameworks */ = {
			isa = PBXCopyFilesBuildPhase;
			buildActionMask = 2147483647;
			dstPath = "";
			dstSubfolderSpec = 10;
			files = (
				B716D3E71F4C4C4200860791 /* GXPhone.framework in Embed Frameworks */,
			);
			name = "Embed Frameworks";
			runOnlyForDeploymentPostprocessing = 0;
		};
/* End PBXCopyFilesBuildPhase section */

/* Begin PBXFileReference section */
		AA08D2592000A7FA0062C7CE /* GXPageView.xcodeproj */ = {isa = PBXFileReference; lastKnownFileType = "wrapper.pb-project"; name = GXPageView.xcodeproj; path = "../GXRuler-OC/GXPageView/GXPageView.xcodeproj"; sourceTree = "<group>"; };
		AA08D2622000A8010062C7CE /* GXNetwork.xcodeproj */ = {isa = PBXFileReference; lastKnownFileType = "wrapper.pb-project"; name = GXNetwork.xcodeproj; path = "../GXRuler-OC/GXNetwork/GXNetwork.xcodeproj"; sourceTree = "<group>"; };
		AA08D26B2000A8080062C7CE /* GXRuler.xcodeproj */ = {isa = PBXFileReference; lastKnownFileType = "wrapper.pb-project"; name = GXRuler.xcodeproj; path = "../GXRuler-OC/GXRuler/GXRuler.xcodeproj"; sourceTree = "<group>"; };
		AA08D29D2000A94C0062C7CE /* GXPodContainer.xcodeproj */ = {isa = PBXFileReference; lastKnownFileType = "wrapper.pb-project"; name = GXPodContainer.xcodeproj; path = "../GXRuler-OC/GXPodContainer/GXPodContainer.xcodeproj"; sourceTree = "<group>"; };
		AA53580F2063E1DB00631810 /* GXPhoneMutbleArrTest.m */ = {isa = PBXFileReference; lastKnownFileType = sourcecode.c.objc; path = GXPhoneMutbleArrTest.m; sourceTree = "<group>"; };
		AA6AE2AF205F99E600E447E9 /* GXPhoneStringSeparateTest.m */ = {isa = PBXFileReference; lastKnownFileType = sourcecode.c.objc; path = GXPhoneStringSeparateTest.m; sourceTree = "<group>"; };
		AA781E8D205E3E0C0017B155 /* GXPhonePointerTest.m */ = {isa = PBXFileReference; lastKnownFileType = sourcecode.c.objc; path = GXPhonePointerTest.m; sourceTree = "<group>"; };
		AA9A6D532053D8E400EBDFD3 /* GXPhoneRetainCountTest.m */ = {isa = PBXFileReference; lastKnownFileType = sourcecode.c.objc; path = GXPhoneRetainCountTest.m; sourceTree = "<group>"; };
		AAB84D892041037400F98FD2 /* GXPhoneTwoScrollVC.h */ = {isa = PBXFileReference; lastKnownFileType = sourcecode.c.h; path = GXPhoneTwoScrollVC.h; sourceTree = "<group>"; };
		AAB84D8A2041037400F98FD2 /* GXPhoneTwoScrollVC.m */ = {isa = PBXFileReference; lastKnownFileType = sourcecode.c.objc; path = GXPhoneTwoScrollVC.m; sourceTree = "<group>"; };
		AAB84D8F20410CFE00F98FD2 /* GXPhoneTwoScrollView.h */ = {isa = PBXFileReference; lastKnownFileType = sourcecode.c.h; path = GXPhoneTwoScrollView.h; sourceTree = "<group>"; };
		AAB84D9020410CFE00F98FD2 /* GXPhoneTwoScrollView.m */ = {isa = PBXFileReference; lastKnownFileType = sourcecode.c.objc; path = GXPhoneTwoScrollView.m; sourceTree = "<group>"; };
		AAD5D91F204A9AA900E9D08E /* GXPhoneTwoScrollVC+One.h */ = {isa = PBXFileReference; lastKnownFileType = sourcecode.c.h; path = "GXPhoneTwoScrollVC+One.h"; sourceTree = "<group>"; };
		AAD5D920204A9AA900E9D08E /* GXPhoneTwoScrollVC+One.m */ = {isa = PBXFileReference; lastKnownFileType = sourcecode.c.objc; path = "GXPhoneTwoScrollVC+One.m"; sourceTree = "<group>"; };
		AAD5D926204A9AC300E9D08E /* GXPhoneTwoScrollVC+Two.h */ = {isa = PBXFileReference; lastKnownFileType = sourcecode.c.h; path = "GXPhoneTwoScrollVC+Two.h"; sourceTree = "<group>"; };
		AAD5D927204A9AC300E9D08E /* GXPhoneTwoScrollVC+Two.m */ = {isa = PBXFileReference; lastKnownFileType = sourcecode.c.objc; path = "GXPhoneTwoScrollVC+Two.m"; sourceTree = "<group>"; };
		AAF238DF204E3DD000191285 /* dynamic.js */ = {isa = PBXFileReference; fileEncoding = 4; lastKnownFileType = sourcecode.javascript; path = dynamic.js; sourceTree = "<group>"; };
		AAF238E1204E3E5F00191285 /* GXPhoneJSModel.h */ = {isa = PBXFileReference; lastKnownFileType = sourcecode.c.h; path = GXPhoneJSModel.h; sourceTree = "<group>"; };
		AAF238E2204E3E5F00191285 /* GXPhoneJSModel.m */ = {isa = PBXFileReference; lastKnownFileType = sourcecode.c.objc; path = GXPhoneJSModel.m; sourceTree = "<group>"; };
		AAF238E5204E4CEC00191285 /* GXPhoneJSTest.m */ = {isa = PBXFileReference; lastKnownFileType = sourcecode.c.objc; path = GXPhoneJSTest.m; sourceTree = "<group>"; };
		AAF238E9204E66F000191285 /* README.md */ = {isa = PBXFileReference; fileEncoding = 4; lastKnownFileType = net.daringfireball.markdown; path = README.md; sourceTree = "<group>"; };
		AAF23961204F86FD00191285 /* GXPhoneArithmeticHelper.h */ = {isa = PBXFileReference; lastKnownFileType = sourcecode.c.h; path = GXPhoneArithmeticHelper.h; sourceTree = "<group>"; };
		AAF23962204F86FD00191285 /* GXPhoneArithmeticHelper.m */ = {isa = PBXFileReference; lastKnownFileType = sourcecode.c.objc; path = GXPhoneArithmeticHelper.m; sourceTree = "<group>"; };
		AAF23965204F882A00191285 /* GXPhoneArithmeticTest.m */ = {isa = PBXFileReference; lastKnownFileType = sourcecode.c.objc; path = GXPhoneArithmeticTest.m; sourceTree = "<group>"; };
		B716D3CD1F4C4BEB00860791 /* GXShell.app */ = {isa = PBXFileReference; explicitFileType = wrapper.application; includeInIndex = 0; path = GXShell.app; sourceTree = BUILT_PRODUCTS_DIR; };
		B716D3D01F4C4BEB00860791 /* main.m */ = {isa = PBXFileReference; lastKnownFileType = sourcecode.c.objc; path = main.m; sourceTree = "<group>"; };
		B716D3E01F4C4BEB00860791 /* Info.plist */ = {isa = PBXFileReference; lastKnownFileType = text.plist.xml; path = Info.plist; sourceTree = "<group>"; };
		B74495DA1F56B3970018CC0F /* GXPhoneNavigator.h */ = {isa = PBXFileReference; fileEncoding = 4; lastKnownFileType = sourcecode.c.h; path = GXPhoneNavigator.h; sourceTree = "<group>"; };
		B74495DB1F56B3970018CC0F /* GXPhoneNavigator.m */ = {isa = PBXFileReference; fileEncoding = 4; lastKnownFileType = sourcecode.c.objc; path = GXPhoneNavigator.m; sourceTree = "<group>"; };
		B74495DC1F56B3970018CC0F /* GXPhoneRouter.h */ = {isa = PBXFileReference; fileEncoding = 4; lastKnownFileType = sourcecode.c.h; path = GXPhoneRouter.h; sourceTree = "<group>"; };
		B74495DD1F56B3970018CC0F /* GXPhoneRouter.m */ = {isa = PBXFileReference; fileEncoding = 4; lastKnownFileType = sourcecode.c.objc; path = GXPhoneRouter.m; sourceTree = "<group>"; };
		B755550C1F3C502C008D0D01 /* GXPhone.framework */ = {isa = PBXFileReference; explicitFileType = wrapper.framework; includeInIndex = 0; path = GXPhone.framework; sourceTree = BUILT_PRODUCTS_DIR; };
		B755550F1F3C502C008D0D01 /* GXPhone.h */ = {isa = PBXFileReference; lastKnownFileType = sourcecode.c.h; path = GXPhone.h; sourceTree = "<group>"; };
		B75555101F3C502C008D0D01 /* Info.plist */ = {isa = PBXFileReference; lastKnownFileType = text.plist.xml; path = Info.plist; sourceTree = "<group>"; };
		B75555151F3C502C008D0D01 /* GXPhoneTests.xctest */ = {isa = PBXFileReference; explicitFileType = wrapper.cfbundle; includeInIndex = 0; path = GXPhoneTests.xctest; sourceTree = BUILT_PRODUCTS_DIR; };
		B755551A1F3C502C008D0D01 /* GXPhoneTests.m */ = {isa = PBXFileReference; lastKnownFileType = sourcecode.c.objc; path = GXPhoneTests.m; sourceTree = "<group>"; };
		B755551C1F3C502C008D0D01 /* Info.plist */ = {isa = PBXFileReference; lastKnownFileType = text.plist.xml; path = Info.plist; sourceTree = "<group>"; };
		B75555351F3C5493008D0D01 /* GXPhoneAppDelegate.h */ = {isa = PBXFileReference; fileEncoding = 4; lastKnownFileType = sourcecode.c.h; path = GXPhoneAppDelegate.h; sourceTree = "<group>"; };
		B75555361F3C5493008D0D01 /* GXPhoneAppDelegate.m */ = {isa = PBXFileReference; fileEncoding = 4; lastKnownFileType = sourcecode.c.objc; path = GXPhoneAppDelegate.m; sourceTree = "<group>"; };
		B759B9FD1F7A2C3700BD1DF6 /* GXPhoneTouchTwoVC.h */ = {isa = PBXFileReference; fileEncoding = 4; lastKnownFileType = sourcecode.c.h; path = GXPhoneTouchTwoVC.h; sourceTree = "<group>"; };
		B759B9FE1F7A2C3700BD1DF6 /* GXPhoneTouchTwoVC.m */ = {isa = PBXFileReference; fileEncoding = 4; lastKnownFileType = sourcecode.c.objc; path = GXPhoneTouchTwoVC.m; sourceTree = "<group>"; };
		B77153ED1F8A211B004E8F6F /* GXPhoneVideoModel.h */ = {isa = PBXFileReference; lastKnownFileType = sourcecode.c.h; path = GXPhoneVideoModel.h; sourceTree = "<group>"; };
		B77153EE1F8A211B004E8F6F /* GXPhoneVideoModel.m */ = {isa = PBXFileReference; lastKnownFileType = sourcecode.c.objc; path = GXPhoneVideoModel.m; sourceTree = "<group>"; };
		B78048191F735D80004B5E5B /* GXPikerViewVC.h */ = {isa = PBXFileReference; fileEncoding = 4; lastKnownFileType = sourcecode.c.h; path = GXPikerViewVC.h; sourceTree = "<group>"; };
		B780481A1F735D80004B5E5B /* GXPikerViewVC.m */ = {isa = PBXFileReference; fileEncoding = 4; lastKnownFileType = sourcecode.c.objc; path = GXPikerViewVC.m; sourceTree = "<group>"; };
		B780481E1F735DF9004B5E5B /* GXPhoneLabelTestVC.h */ = {isa = PBXFileReference; fileEncoding = 4; lastKnownFileType = sourcecode.c.h; path = GXPhoneLabelTestVC.h; sourceTree = "<group>"; };
		B780481F1F735DF9004B5E5B /* GXPhoneLabelTestVC.m */ = {isa = PBXFileReference; fileEncoding = 4; lastKnownFileType = sourcecode.c.objc; path = GXPhoneLabelTestVC.m; sourceTree = "<group>"; };
		B78048221F735EF1004B5E5B /* GXPhonePCH.pch */ = {isa = PBXFileReference; fileEncoding = 4; lastKnownFileType = sourcecode.c.h; path = GXPhonePCH.pch; sourceTree = "<group>"; };
		B78048371F736252004B5E5B /* GXPhoneCategoryVC.h */ = {isa = PBXFileReference; fileEncoding = 4; lastKnownFileType = sourcecode.c.h; path = GXPhoneCategoryVC.h; sourceTree = "<group>"; };
		B78048381F736252004B5E5B /* GXPhoneCategoryVC.m */ = {isa = PBXFileReference; fileEncoding = 4; lastKnownFileType = sourcecode.c.objc; path = GXPhoneCategoryVC.m; sourceTree = "<group>"; };
		B78048391F736252004B5E5B /* GXPhoneCategoryVM.h */ = {isa = PBXFileReference; fileEncoding = 4; lastKnownFileType = sourcecode.c.h; path = GXPhoneCategoryVM.h; sourceTree = "<group>"; };
		B780483A1F736252004B5E5B /* GXPhoneCategoryVM.m */ = {isa = PBXFileReference; fileEncoding = 4; lastKnownFileType = sourcecode.c.objc; path = GXPhoneCategoryVM.m; sourceTree = "<group>"; };
		B780483C1F736252004B5E5B /* GXPhoneSearchVC.h */ = {isa = PBXFileReference; fileEncoding = 4; lastKnownFileType = sourcecode.c.h; path = GXPhoneSearchVC.h; sourceTree = "<group>"; };
		B780483D1F736252004B5E5B /* GXPhoneSearchVC.m */ = {isa = PBXFileReference; fileEncoding = 4; lastKnownFileType = sourcecode.c.objc; path = GXPhoneSearchVC.m; sourceTree = "<group>"; };
		B780483F1F736252004B5E5B /* GXPhoneUserVC.h */ = {isa = PBXFileReference; fileEncoding = 4; lastKnownFileType = sourcecode.c.h; path = GXPhoneUserVC.h; sourceTree = "<group>"; };
		B78048401F736252004B5E5B /* GXPhoneUserVC.m */ = {isa = PBXFileReference; fileEncoding = 4; lastKnownFileType = sourcecode.c.objc; path = GXPhoneUserVC.m; sourceTree = "<group>"; };
		B78048B11F73BD2C004B5E5B /* GXPhoneCountDownVC.h */ = {isa = PBXFileReference; fileEncoding = 4; lastKnownFileType = sourcecode.c.h; path = GXPhoneCountDownVC.h; sourceTree = "<group>"; };
		B78048B21F73BD2C004B5E5B /* GXPhoneCountDownVC.m */ = {isa = PBXFileReference; fileEncoding = 4; lastKnownFileType = sourcecode.c.objc; path = GXPhoneCountDownVC.m; sourceTree = "<group>"; };
		B7B6851C1F41AC4D00306EF5 /* GXPhone.xcassets */ = {isa = PBXFileReference; lastKnownFileType = folder.assetcatalog; path = GXPhone.xcassets; sourceTree = "<group>"; };
		B7B6853A1F41B75B00306EF5 /* startMovie.mp4 */ = {isa = PBXFileReference; lastKnownFileType = file; path = startMovie.mp4; sourceTree = "<group>"; };
		B7BCCD301F57DC6D006B4135 /* GXPhoneSubStrTest.m */ = {isa = PBXFileReference; fileEncoding = 4; lastKnownFileType = sourcecode.c.objc; path = GXPhoneSubStrTest.m; sourceTree = "<group>"; };
		B7CCDC5A1F3DBA7C00B06BB3 /* GXPhoneBus.h */ = {isa = PBXFileReference; fileEncoding = 4; lastKnownFileType = sourcecode.c.h; path = GXPhoneBus.h; sourceTree = "<group>"; };
		B7CCDC5B1F3DBA7C00B06BB3 /* GXPhoneBus.m */ = {isa = PBXFileReference; fileEncoding = 4; lastKnownFileType = sourcecode.c.objc; path = GXPhoneBus.m; sourceTree = "<group>"; };
		B7CCDC8A1F3DC52000B06BB3 /* GXMainNavigationVC.h */ = {isa = PBXFileReference; fileEncoding = 4; lastKnownFileType = sourcecode.c.h; path = GXMainNavigationVC.h; sourceTree = "<group>"; };
		B7CCDC8B1F3DC52000B06BB3 /* GXMainNavigationVC.m */ = {isa = PBXFileReference; fileEncoding = 4; lastKnownFileType = sourcecode.c.objc; path = GXMainNavigationVC.m; sourceTree = "<group>"; };
		B7CCDC8C1F3DC52000B06BB3 /* GXMainTabBarViewController.h */ = {isa = PBXFileReference; fileEncoding = 4; lastKnownFileType = sourcecode.c.h; path = GXMainTabBarViewController.h; sourceTree = "<group>"; };
		B7CCDC8D1F3DC52000B06BB3 /* GXMainTabBarViewController.m */ = {isa = PBXFileReference; fileEncoding = 4; lastKnownFileType = sourcecode.c.objc; path = GXMainTabBarViewController.m; sourceTree = "<group>"; };
		B7CCDCAC1F3DC52900B06BB3 /* GXPhoneADelegateVC.h */ = {isa = PBXFileReference; fileEncoding = 4; lastKnownFileType = sourcecode.c.h; path = GXPhoneADelegateVC.h; sourceTree = "<group>"; };
		B7CCDCAD1F3DC52900B06BB3 /* GXPhoneADelegateVC.m */ = {isa = PBXFileReference; fileEncoding = 4; lastKnownFileType = sourcecode.c.objc; path = GXPhoneADelegateVC.m; sourceTree = "<group>"; };
		B7CCDCAE1F3DC52900B06BB3 /* GXPhoneBDelegateVC.h */ = {isa = PBXFileReference; fileEncoding = 4; lastKnownFileType = sourcecode.c.h; path = GXPhoneBDelegateVC.h; sourceTree = "<group>"; };
		B7CCDCAF1F3DC52900B06BB3 /* GXPhoneBDelegateVC.m */ = {isa = PBXFileReference; fileEncoding = 4; lastKnownFileType = sourcecode.c.objc; path = GXPhoneBDelegateVC.m; sourceTree = "<group>"; };
		B7CCDCB01F3DC52900B06BB3 /* GXPhoneDelegateHeader.h */ = {isa = PBXFileReference; fileEncoding = 4; lastKnownFileType = sourcecode.c.h; path = GXPhoneDelegateHeader.h; sourceTree = "<group>"; };
		B7CCDCC31F3DC52900B06BB3 /* GXPhoneProtectVC.h */ = {isa = PBXFileReference; fileEncoding = 4; lastKnownFileType = sourcecode.c.h; path = GXPhoneProtectVC.h; sourceTree = "<group>"; };
		B7CCDCC41F3DC52900B06BB3 /* GXPhoneProtectVC.m */ = {isa = PBXFileReference; fileEncoding = 4; lastKnownFileType = sourcecode.c.objc; path = GXPhoneProtectVC.m; sourceTree = "<group>"; };
		B7F0663E1FB5599200E49E85 /* GXPhoneCornerContainerVC.h */ = {isa = PBXFileReference; lastKnownFileType = sourcecode.c.h; path = GXPhoneCornerContainerVC.h; sourceTree = "<group>"; };
		B7F0663F1FB5599200E49E85 /* GXPhoneCornerContainerVC.m */ = {isa = PBXFileReference; lastKnownFileType = sourcecode.c.objc; path = GXPhoneCornerContainerVC.m; sourceTree = "<group>"; };
		B7F066421FB55B9900E49E85 /* GXPhoneCornerTestVC.h */ = {isa = PBXFileReference; lastKnownFileType = sourcecode.c.h; path = GXPhoneCornerTestVC.h; sourceTree = "<group>"; };
		B7F066431FB55B9900E49E85 /* GXPhoneCornerTestVC.m */ = {isa = PBXFileReference; lastKnownFileType = sourcecode.c.objc; path = GXPhoneCornerTestVC.m; sourceTree = "<group>"; };
		B7F066461FB55BB300E49E85 /* GXPhoneCornerTestCell.h */ = {isa = PBXFileReference; lastKnownFileType = sourcecode.c.h; path = GXPhoneCornerTestCell.h; sourceTree = "<group>"; };
		B7F066471FB55BB300E49E85 /* GXPhoneCornerTestCell.m */ = {isa = PBXFileReference; lastKnownFileType = sourcecode.c.objc; path = GXPhoneCornerTestCell.m; sourceTree = "<group>"; };
		E41A6D3620522E1700703405 /* GXPhoneMemoryTest.m */ = {isa = PBXFileReference; lastKnownFileType = sourcecode.c.objc; path = GXPhoneMemoryTest.m; sourceTree = "<group>"; };
		E41A6D3B2055925300703405 /* GXPhoneAsyncBlockTest.m */ = {isa = PBXFileReference; lastKnownFileType = sourcecode.c.objc; path = GXPhoneAsyncBlockTest.m; sourceTree = "<group>"; };
		E467506E2067F907001FEFA4 /* GXPhoneNotificationThreadTest.m */ = {isa = PBXFileReference; lastKnownFileType = sourcecode.c.objc; path = GXPhoneNotificationThreadTest.m; sourceTree = "<group>"; };
		E467509B206A9A1D001FEFA4 /* GXPhoneOperationTest.m */ = {isa = PBXFileReference; lastKnownFileType = sourcecode.c.objc; path = GXPhoneOperationTest.m; sourceTree = "<group>"; };
		E46750B4206BE88D001FEFA4 /* GXPhoneGCDTest.m */ = {isa = PBXFileReference; lastKnownFileType = sourcecode.c.objc; path = GXPhoneGCDTest.m; sourceTree = "<group>"; };
		E46750CE206D4266001FEFA4 /* GXPhoneLinguisticTaggerTest.m */ = {isa = PBXFileReference; lastKnownFileType = sourcecode.c.objc; path = GXPhoneLinguisticTaggerTest.m; sourceTree = "<group>"; };
		E46750D3206D45AD001FEFA4 /* GXPhoneCacheTest.m */ = {isa = PBXFileReference; lastKnownFileType = sourcecode.c.objc; path = GXPhoneCacheTest.m; sourceTree = "<group>"; };
		E46750D5206D49FF001FEFA4 /* GXPhoneTwoScrollSubVC.h */ = {isa = PBXFileReference; lastKnownFileType = sourcecode.c.h; path = GXPhoneTwoScrollSubVC.h; sourceTree = "<group>"; };
		E46750D6206D49FF001FEFA4 /* GXPhoneTwoScrollSubVC.m */ = {isa = PBXFileReference; lastKnownFileType = sourcecode.c.objc; path = GXPhoneTwoScrollSubVC.m; sourceTree = "<group>"; };
		E47F594F205C2EC9000FA790 /* GXPhoneKVOTest.m */ = {isa = PBXFileReference; lastKnownFileType = sourcecode.c.objc; path = GXPhoneKVOTest.m; sourceTree = "<group>"; };
		E47F5968205C3718000FA790 /* GXPhoneSynthesizeTest.m */ = {isa = PBXFileReference; lastKnownFileType = sourcecode.c.objc; path = GXPhoneSynthesizeTest.m; sourceTree = "<group>"; };
		E47F596D205C3ADF000FA790 /* GXPhoneFather.h */ = {isa = PBXFileReference; lastKnownFileType = sourcecode.c.h; path = GXPhoneFather.h; sourceTree = "<group>"; };
		E47F596E205C3ADF000FA790 /* GXPhoneFather.m */ = {isa = PBXFileReference; lastKnownFileType = sourcecode.c.objc; path = GXPhoneFather.m; sourceTree = "<group>"; };
		E47F5971205C3AE8000FA790 /* GXPhoneChild.h */ = {isa = PBXFileReference; lastKnownFileType = sourcecode.c.h; path = GXPhoneChild.h; sourceTree = "<group>"; };
		E47F5972205C3AE8000FA790 /* GXPhoneChild.m */ = {isa = PBXFileReference; lastKnownFileType = sourcecode.c.objc; path = GXPhoneChild.m; sourceTree = "<group>"; };
		E47F5975205C3CDA000FA790 /* GXPhoneInitMethodTest.m */ = {isa = PBXFileReference; lastKnownFileType = sourcecode.c.objc; path = GXPhoneInitMethodTest.m; sourceTree = "<group>"; };
		E47F5977205D657E000FA790 /* GXPhoneRuntimeTest.m */ = {isa = PBXFileReference; lastKnownFileType = sourcecode.c.objc; path = GXPhoneRuntimeTest.m; sourceTree = "<group>"; };
		E47F5979205D6AF6000FA790 /* GXPhoneBlockTypeTest.m */ = {isa = PBXFileReference; lastKnownFileType = sourcecode.c.objc; path = GXPhoneBlockTypeTest.m; sourceTree = "<group>"; };
		E47F598F205D93CE000FA790 /* GXPhoneIsKindOfClassTest.m */ = {isa = PBXFileReference; lastKnownFileType = sourcecode.c.objc; path = GXPhoneIsKindOfClassTest.m; sourceTree = "<group>"; };
		E47F5994205D9BB6000FA790 /* GXPhoneTryCatchTest.m */ = {isa = PBXFileReference; lastKnownFileType = sourcecode.c.objc; path = GXPhoneTryCatchTest.m; sourceTree = "<group>"; };
		E47F59AA205EC6F4000FA790 /* GXPhoneDelegateResponseTest.m */ = {isa = PBXFileReference; lastKnownFileType = sourcecode.c.objc; path = GXPhoneDelegateResponseTest.m; sourceTree = "<group>"; };
		E4C3E0031F4C847800C8E69A /* GXPhoneDelayPerformMethodVC.h */ = {isa = PBXFileReference; fileEncoding = 4; lastKnownFileType = sourcecode.c.h; path = GXPhoneDelayPerformMethodVC.h; sourceTree = "<group>"; };
		E4C3E0041F4C847800C8E69A /* GXPhoneDelayPerformMethodVC.m */ = {isa = PBXFileReference; fileEncoding = 4; lastKnownFileType = sourcecode.c.objc; path = GXPhoneDelayPerformMethodVC.m; sourceTree = "<group>"; };
		E4C3E0081F4C84C000C8E69A /* GXPhoneTouchEventVC.h */ = {isa = PBXFileReference; fileEncoding = 4; lastKnownFileType = sourcecode.c.h; path = GXPhoneTouchEventVC.h; sourceTree = "<group>"; };
		E4C3E0091F4C84C000C8E69A /* GXPhoneTouchEventVC.m */ = {isa = PBXFileReference; fileEncoding = 4; lastKnownFileType = sourcecode.c.objc; path = GXPhoneTouchEventVC.m; sourceTree = "<group>"; };
		E4C3E00C1F4C889800C8E69A /* GXPhoneTouchEventOneView.h */ = {isa = PBXFileReference; fileEncoding = 4; lastKnownFileType = sourcecode.c.h; path = GXPhoneTouchEventOneView.h; sourceTree = "<group>"; };
		E4C3E00D1F4C889800C8E69A /* GXPhoneTouchEventOneView.m */ = {isa = PBXFileReference; fileEncoding = 4; lastKnownFileType = sourcecode.c.objc; path = GXPhoneTouchEventOneView.m; sourceTree = "<group>"; };
		E4C3E0101F4C88A400C8E69A /* GXPhoneTouchEventTwoView.h */ = {isa = PBXFileReference; fileEncoding = 4; lastKnownFileType = sourcecode.c.h; path = GXPhoneTouchEventTwoView.h; sourceTree = "<group>"; };
		E4C3E0111F4C88A400C8E69A /* GXPhoneTouchEventTwoView.m */ = {isa = PBXFileReference; fileEncoding = 4; lastKnownFileType = sourcecode.c.objc; path = GXPhoneTouchEventTwoView.m; sourceTree = "<group>"; };
		E4C58B811F44AA3A00DF928F /* GXPhoneStackOverflowVC.h */ = {isa = PBXFileReference; fileEncoding = 4; lastKnownFileType = sourcecode.c.h; path = GXPhoneStackOverflowVC.h; sourceTree = "<group>"; };
		E4C58B821F44AA3A00DF928F /* GXPhoneStackOverflowVC.m */ = {isa = PBXFileReference; fileEncoding = 4; lastKnownFileType = sourcecode.c.objc; path = GXPhoneStackOverflowVC.m; sourceTree = "<group>"; };
/* End PBXFileReference section */

/* Begin PBXFrameworksBuildPhase section */
		B716D3CA1F4C4BEB00860791 /* Frameworks */ = {
			isa = PBXFrameworksBuildPhase;
			buildActionMask = 2147483647;
			files = (
				B716D3E61F4C4C4200860791 /* GXPhone.framework in Frameworks */,
			);
			runOnlyForDeploymentPostprocessing = 0;
		};
		B75555081F3C502C008D0D01 /* Frameworks */ = {
			isa = PBXFrameworksBuildPhase;
			buildActionMask = 2147483647;
			files = (
				AA08D2A32000A9570062C7CE /* GXNetwork.framework in Frameworks */,
				AA08D2A42000A9570062C7CE /* GXPageView.framework in Frameworks */,
				AA08D2A52000A9570062C7CE /* GXPodContainer.framework in Frameworks */,
				AA08D2A62000A9570062C7CE /* GXRuler.framework in Frameworks */,
			);
			runOnlyForDeploymentPostprocessing = 0;
		};
		B75555121F3C502C008D0D01 /* Frameworks */ = {
			isa = PBXFrameworksBuildPhase;
			buildActionMask = 2147483647;
			files = (
				B75555161F3C502C008D0D01 /* GXPhone.framework in Frameworks */,
			);
			runOnlyForDeploymentPostprocessing = 0;
		};
/* End PBXFrameworksBuildPhase section */

/* Begin PBXGroup section */
		AA08D25A2000A7FA0062C7CE /* Products */ = {
			isa = PBXGroup;
			children = (
				AA08D25F2000A7FA0062C7CE /* GXPageView.framework */,
				AA08D2612000A7FA0062C7CE /* GXPageViewShell.app */,
			);
			name = Products;
			sourceTree = "<group>";
		};
		AA08D2632000A8010062C7CE /* Products */ = {
			isa = PBXGroup;
			children = (
				AA08D2682000A8010062C7CE /* GXNetwork.framework */,
				AA08D26A2000A8010062C7CE /* GXNetworkTests.xctest */,
			);
			name = Products;
			sourceTree = "<group>";
		};
		AA08D26C2000A8080062C7CE /* Products */ = {
			isa = PBXGroup;
			children = (
				AA08D2712000A8080062C7CE /* GXRuler.framework */,
				AA08D2732000A8080062C7CE /* GXRulerTests.xctest */,
			);
			name = Products;
			sourceTree = "<group>";
		};
		AA08D29E2000A94C0062C7CE /* Products */ = {
			isa = PBXGroup;
			children = (
				AA08D2A22000A94C0062C7CE /* GXPodContainer.framework */,
			);
			name = Products;
			sourceTree = "<group>";
		};
		AAB84D852041034100F98FD2 /* Two Gesture */ = {
			isa = PBXGroup;
			children = (
				AAB84D892041037400F98FD2 /* GXPhoneTwoScrollVC.h */,
				AAB84D8A2041037400F98FD2 /* GXPhoneTwoScrollVC.m */,
				E46750D5206D49FF001FEFA4 /* GXPhoneTwoScrollSubVC.h */,
				E46750D6206D49FF001FEFA4 /* GXPhoneTwoScrollSubVC.m */,
				AAD5D91F204A9AA900E9D08E /* GXPhoneTwoScrollVC+One.h */,
				AAD5D920204A9AA900E9D08E /* GXPhoneTwoScrollVC+One.m */,
				AAD5D926204A9AC300E9D08E /* GXPhoneTwoScrollVC+Two.h */,
				AAD5D927204A9AC300E9D08E /* GXPhoneTwoScrollVC+Two.m */,
				AAB84D8F20410CFE00F98FD2 /* GXPhoneTwoScrollView.h */,
				AAB84D9020410CFE00F98FD2 /* GXPhoneTwoScrollView.m */,
			);
			path = "Two Gesture";
			sourceTree = "<group>";
		};
		AAF238D5204E3D8400191285 /* JS */ = {
			isa = PBXGroup;
			children = (
				AAF238DF204E3DD000191285 /* dynamic.js */,
				AAF238E1204E3E5F00191285 /* GXPhoneJSModel.h */,
				AAF238E2204E3E5F00191285 /* GXPhoneJSModel.m */,
			);
			path = JS;
			sourceTree = "<group>";
		};
		AAF2395D204F86E500191285 /* Arithmetic */ = {
			isa = PBXGroup;
			children = (
				AAF23961204F86FD00191285 /* GXPhoneArithmeticHelper.h */,
				AAF23962204F86FD00191285 /* GXPhoneArithmeticHelper.m */,
			);
			path = Arithmetic;
			sourceTree = "<group>";
		};
		B70FBC791F99CB2D004A52F7 /* Frameworks */ = {
			isa = PBXGroup;
			children = (
			);
			name = Frameworks;
			sourceTree = "<group>";
		};
		B716D3CE1F4C4BEB00860791 /* GXShell */ = {
			isa = PBXGroup;
			children = (
				B716D3E01F4C4BEB00860791 /* Info.plist */,
				B716D3CF1F4C4BEB00860791 /* Supporting Files */,
			);
			path = GXShell;
			sourceTree = "<group>";
		};
		B716D3CF1F4C4BEB00860791 /* Supporting Files */ = {
			isa = PBXGroup;
			children = (
				B716D3D01F4C4BEB00860791 /* main.m */,
			);
			name = "Supporting Files";
			sourceTree = "<group>";
		};
		B75555021F3C502C008D0D01 = {
			isa = PBXGroup;
			children = (
				AAF238E9204E66F000191285 /* README.md */,
				B75557521F3C7511008D0D01 /* Dependencies */,
				B755550E1F3C502C008D0D01 /* GXPhone */,
				B716D3CE1F4C4BEB00860791 /* GXShell */,
				B75555191F3C502C008D0D01 /* GXPhoneTests */,
				B755550D1F3C502C008D0D01 /* Products */,
				B70FBC791F99CB2D004A52F7 /* Frameworks */,
			);
			sourceTree = "<group>";
		};
		B755550D1F3C502C008D0D01 /* Products */ = {
			isa = PBXGroup;
			children = (
				B755550C1F3C502C008D0D01 /* GXPhone.framework */,
				B75555151F3C502C008D0D01 /* GXPhoneTests.xctest */,
				B716D3CD1F4C4BEB00860791 /* GXShell.app */,
			);
			name = Products;
			sourceTree = "<group>";
		};
		B755550E1F3C502C008D0D01 /* GXPhone */ = {
			isa = PBXGroup;
			children = (
				B755558F1F3C6362008D0D01 /* GXPhone */,
				B75555901F3C6362008D0D01 /* Resources */,
				B755550F1F3C502C008D0D01 /* GXPhone.h */,
				B75555351F3C5493008D0D01 /* GXPhoneAppDelegate.h */,
				B75555361F3C5493008D0D01 /* GXPhoneAppDelegate.m */,
				B74495DA1F56B3970018CC0F /* GXPhoneNavigator.h */,
				B74495DB1F56B3970018CC0F /* GXPhoneNavigator.m */,
				B74495DC1F56B3970018CC0F /* GXPhoneRouter.h */,
				B74495DD1F56B3970018CC0F /* GXPhoneRouter.m */,
				B7CCDC5A1F3DBA7C00B06BB3 /* GXPhoneBus.h */,
				B7CCDC5B1F3DBA7C00B06BB3 /* GXPhoneBus.m */,
				B78048221F735EF1004B5E5B /* GXPhonePCH.pch */,
				B75555101F3C502C008D0D01 /* Info.plist */,
			);
			path = GXPhone;
			sourceTree = "<group>";
		};
		B75555191F3C502C008D0D01 /* GXPhoneTests */ = {
			isa = PBXGroup;
			children = (
				E46750B9206BEA20001FEFA4 /* 多线程 */,
				B755551A1F3C502C008D0D01 /* GXPhoneTests.m */,
				AA9A6D532053D8E400EBDFD3 /* GXPhoneRetainCountTest.m */,
				B7BCCD301F57DC6D006B4135 /* GXPhoneSubStrTest.m */,
				AAF238E5204E4CEC00191285 /* GXPhoneJSTest.m */,
				AAF23965204F882A00191285 /* GXPhoneArithmeticTest.m */,
				E41A6D3620522E1700703405 /* GXPhoneMemoryTest.m */,
				E41A6D3B2055925300703405 /* GXPhoneAsyncBlockTest.m */,
				E47F594F205C2EC9000FA790 /* GXPhoneKVOTest.m */,
				E47F5968205C3718000FA790 /* GXPhoneSynthesizeTest.m */,
				E47F5975205C3CDA000FA790 /* GXPhoneInitMethodTest.m */,
				E47F5977205D657E000FA790 /* GXPhoneRuntimeTest.m */,
				E47F5979205D6AF6000FA790 /* GXPhoneBlockTypeTest.m */,
				E47F598F205D93CE000FA790 /* GXPhoneIsKindOfClassTest.m */,
				E47F5994205D9BB6000FA790 /* GXPhoneTryCatchTest.m */,
				E47F59AA205EC6F4000FA790 /* GXPhoneDelegateResponseTest.m */,
				AA781E8D205E3E0C0017B155 /* GXPhonePointerTest.m */,
				AA6AE2AF205F99E600E447E9 /* GXPhoneStringSeparateTest.m */,
				AA53580F2063E1DB00631810 /* GXPhoneMutbleArrTest.m */,
				E467506E2067F907001FEFA4 /* GXPhoneNotificationThreadTest.m */,
				E46750CE206D4266001FEFA4 /* GXPhoneLinguisticTaggerTest.m */,
				E46750D3206D45AD001FEFA4 /* GXPhoneCacheTest.m */,
				B755551C1F3C502C008D0D01 /* Info.plist */,
			);
			path = GXPhoneTests;
			sourceTree = "<group>";
		};
		B755558F1F3C6362008D0D01 /* GXPhone */ = {
			isa = PBXGroup;
			children = (
				B7CCDC871F3DC52000B06BB3 /* Navigator */,
				B78048351F736252004B5E5B /* Home */,
				B7CCDC711F3DBED900B06BB3 /* Business */,
			);
			path = GXPhone;
			sourceTree = "<group>";
		};
		B75555901F3C6362008D0D01 /* Resources */ = {
			isa = PBXGroup;
			children = (
				B7B6853A1F41B75B00306EF5 /* startMovie.mp4 */,
				B7B6851C1F41AC4D00306EF5 /* GXPhone.xcassets */,
			);
			path = Resources;
			sourceTree = "<group>";
		};
		B75557521F3C7511008D0D01 /* Dependencies */ = {
			isa = PBXGroup;
			children = (
				AA08D29D2000A94C0062C7CE /* GXPodContainer.xcodeproj */,
				AA08D26B2000A8080062C7CE /* GXRuler.xcodeproj */,
				AA08D2622000A8010062C7CE /* GXNetwork.xcodeproj */,
				AA08D2592000A7FA0062C7CE /* GXPageView.xcodeproj */,
			);
			name = Dependencies;
			sourceTree = "<group>";
		};
		B78048131F735D5B004B5E5B /* UIKit */ = {
			isa = PBXGroup;
			children = (
				B78048A71F73BD15004B5E5B /* CountDownLabel */,
				B780481D1F735D93004B5E5B /* UILabel */,
				B78048181F735D80004B5E5B /* UIPickerView */,
			);
			path = UIKit;
			sourceTree = "<group>";
		};
		B78048181F735D80004B5E5B /* UIPickerView */ = {
			isa = PBXGroup;
			children = (
				B78048191F735D80004B5E5B /* GXPikerViewVC.h */,
				B780481A1F735D80004B5E5B /* GXPikerViewVC.m */,
			);
			path = UIPickerView;
			sourceTree = "<group>";
		};
		B780481D1F735D93004B5E5B /* UILabel */ = {
			isa = PBXGroup;
			children = (
				B780481E1F735DF9004B5E5B /* GXPhoneLabelTestVC.h */,
				B780481F1F735DF9004B5E5B /* GXPhoneLabelTestVC.m */,
			);
			path = UILabel;
			sourceTree = "<group>";
		};
		B78048351F736252004B5E5B /* Home */ = {
			isa = PBXGroup;
			children = (
				B78048361F736252004B5E5B /* Category */,
				B780483B1F736252004B5E5B /* Search */,
				B780483E1F736252004B5E5B /* User */,
			);
			path = Home;
			sourceTree = "<group>";
		};
		B78048361F736252004B5E5B /* Category */ = {
			isa = PBXGroup;
			children = (
				B78048371F736252004B5E5B /* GXPhoneCategoryVC.h */,
				B78048381F736252004B5E5B /* GXPhoneCategoryVC.m */,
				B78048391F736252004B5E5B /* GXPhoneCategoryVM.h */,
				B780483A1F736252004B5E5B /* GXPhoneCategoryVM.m */,
			);
			path = Category;
			sourceTree = "<group>";
		};
		B780483B1F736252004B5E5B /* Search */ = {
			isa = PBXGroup;
			children = (
				B780483C1F736252004B5E5B /* GXPhoneSearchVC.h */,
				B780483D1F736252004B5E5B /* GXPhoneSearchVC.m */,
			);
			path = Search;
			sourceTree = "<group>";
		};
		B780483E1F736252004B5E5B /* User */ = {
			isa = PBXGroup;
			children = (
				B780483F1F736252004B5E5B /* GXPhoneUserVC.h */,
				B78048401F736252004B5E5B /* GXPhoneUserVC.m */,
			);
			path = User;
			sourceTree = "<group>";
		};
		B78048A71F73BD15004B5E5B /* CountDownLabel */ = {
			isa = PBXGroup;
			children = (
				B78048B11F73BD2C004B5E5B /* GXPhoneCountDownVC.h */,
				B78048B21F73BD2C004B5E5B /* GXPhoneCountDownVC.m */,
				B77153ED1F8A211B004E8F6F /* GXPhoneVideoModel.h */,
				B77153EE1F8A211B004E8F6F /* GXPhoneVideoModel.m */,
			);
			path = CountDownLabel;
			sourceTree = "<group>";
		};
		B7CCDC711F3DBED900B06BB3 /* Business */ = {
			isa = PBXGroup;
			children = (
				AAF2395D204F86E500191285 /* Arithmetic */,
				AAF238D5204E3D8400191285 /* JS */,
				AAB84D852041034100F98FD2 /* Two Gesture */,
				B7F0663A1FB558DB00E49E85 /* Corner */,
				E4C3E0071F4C849D00C8E69A /* touch_event_response */,
				E4C3E0021F4C847800C8E69A /* delayPerformMethod */,
				E4C58B7A1F44A9C300DF928F /* stack overflow */,
				B7CCDCAB1F3DC52900B06BB3 /* Delegate */,
				B7CCDCC21F3DC52900B06BB3 /* Protect */,
				B78048131F735D5B004B5E5B /* UIKit */,
			);
			path = Business;
			sourceTree = "<group>";
		};
		B7CCDC871F3DC52000B06BB3 /* Navigator */ = {
			isa = PBXGroup;
			children = (
				B7CCDC8A1F3DC52000B06BB3 /* GXMainNavigationVC.h */,
				B7CCDC8B1F3DC52000B06BB3 /* GXMainNavigationVC.m */,
				B7CCDC8C1F3DC52000B06BB3 /* GXMainTabBarViewController.h */,
				B7CCDC8D1F3DC52000B06BB3 /* GXMainTabBarViewController.m */,
			);
			path = Navigator;
			sourceTree = "<group>";
		};
		B7CCDCAB1F3DC52900B06BB3 /* Delegate */ = {
			isa = PBXGroup;
			children = (
				B7CCDCB01F3DC52900B06BB3 /* GXPhoneDelegateHeader.h */,
				B7CCDCAC1F3DC52900B06BB3 /* GXPhoneADelegateVC.h */,
				B7CCDCAD1F3DC52900B06BB3 /* GXPhoneADelegateVC.m */,
				B7CCDCAE1F3DC52900B06BB3 /* GXPhoneBDelegateVC.h */,
				B7CCDCAF1F3DC52900B06BB3 /* GXPhoneBDelegateVC.m */,
			);
			path = Delegate;
			sourceTree = "<group>";
		};
		B7CCDCC21F3DC52900B06BB3 /* Protect */ = {
			isa = PBXGroup;
			children = (
				B7CCDCC31F3DC52900B06BB3 /* GXPhoneProtectVC.h */,
				B7CCDCC41F3DC52900B06BB3 /* GXPhoneProtectVC.m */,
				E47F596D205C3ADF000FA790 /* GXPhoneFather.h */,
				E47F596E205C3ADF000FA790 /* GXPhoneFather.m */,
				E47F5971205C3AE8000FA790 /* GXPhoneChild.h */,
				E47F5972205C3AE8000FA790 /* GXPhoneChild.m */,
			);
			path = Protect;
			sourceTree = "<group>";
		};
		B7F0663A1FB558DB00E49E85 /* Corner */ = {
			isa = PBXGroup;
			children = (
				B7F0663E1FB5599200E49E85 /* GXPhoneCornerContainerVC.h */,
				B7F0663F1FB5599200E49E85 /* GXPhoneCornerContainerVC.m */,
				B7F066421FB55B9900E49E85 /* GXPhoneCornerTestVC.h */,
				B7F066431FB55B9900E49E85 /* GXPhoneCornerTestVC.m */,
				B7F066461FB55BB300E49E85 /* GXPhoneCornerTestCell.h */,
				B7F066471FB55BB300E49E85 /* GXPhoneCornerTestCell.m */,
			);
			path = Corner;
			sourceTree = "<group>";
		};
		E46750B9206BEA20001FEFA4 /* 多线程 */ = {
			isa = PBXGroup;
			children = (
				E467509B206A9A1D001FEFA4 /* GXPhoneOperationTest.m */,
				E46750B4206BE88D001FEFA4 /* GXPhoneGCDTest.m */,
			);
			path = "多线程";
			sourceTree = "<group>";
		};
		E4C3E0021F4C847800C8E69A /* delayPerformMethod */ = {
			isa = PBXGroup;
			children = (
				E4C3E0031F4C847800C8E69A /* GXPhoneDelayPerformMethodVC.h */,
				E4C3E0041F4C847800C8E69A /* GXPhoneDelayPerformMethodVC.m */,
			);
			path = delayPerformMethod;
			sourceTree = "<group>";
		};
		E4C3E0071F4C849D00C8E69A /* touch_event_response */ = {
			isa = PBXGroup;
			children = (
				E4C3E0081F4C84C000C8E69A /* GXPhoneTouchEventVC.h */,
				E4C3E0091F4C84C000C8E69A /* GXPhoneTouchEventVC.m */,
				E4C3E00C1F4C889800C8E69A /* GXPhoneTouchEventOneView.h */,
				E4C3E00D1F4C889800C8E69A /* GXPhoneTouchEventOneView.m */,
				E4C3E0101F4C88A400C8E69A /* GXPhoneTouchEventTwoView.h */,
				E4C3E0111F4C88A400C8E69A /* GXPhoneTouchEventTwoView.m */,
				B759B9FD1F7A2C3700BD1DF6 /* GXPhoneTouchTwoVC.h */,
				B759B9FE1F7A2C3700BD1DF6 /* GXPhoneTouchTwoVC.m */,
			);
			path = touch_event_response;
			sourceTree = "<group>";
		};
		E4C58B7A1F44A9C300DF928F /* stack overflow */ = {
			isa = PBXGroup;
			children = (
				E4C58B811F44AA3A00DF928F /* GXPhoneStackOverflowVC.h */,
				E4C58B821F44AA3A00DF928F /* GXPhoneStackOverflowVC.m */,
			);
			path = "stack overflow";
			sourceTree = "<group>";
		};
/* End PBXGroup section */

/* Begin PBXHeadersBuildPhase section */
		B75555091F3C502C008D0D01 /* Headers */ = {
			isa = PBXHeadersBuildPhase;
			buildActionMask = 2147483647;
			files = (
				E4C3E0121F4C88A400C8E69A /* GXPhoneTouchEventTwoView.h in Headers */,
				AAB84D9120410CFE00F98FD2 /* GXPhoneTwoScrollView.h in Headers */,
				E4C58B831F44AA3A00DF928F /* GXPhoneStackOverflowVC.h in Headers */,
				B78048201F735DF9004B5E5B /* GXPhoneLabelTestVC.h in Headers */,
				B7F066441FB55B9900E49E85 /* GXPhoneCornerTestVC.h in Headers */,
				B755551D1F3C502C008D0D01 /* GXPhone.h in Headers */,
				B75555371F3C5493008D0D01 /* GXPhoneAppDelegate.h in Headers */,
				B7CCDCCF1F3DC52900B06BB3 /* GXPhoneBDelegateVC.h in Headers */,
				B78048411F736252004B5E5B /* GXPhoneCategoryVC.h in Headers */,
				B78048471F736252004B5E5B /* GXPhoneUserVC.h in Headers */,
				E4C3E00A1F4C84C000C8E69A /* GXPhoneTouchEventVC.h in Headers */,
				B7F066481FB55BB300E49E85 /* GXPhoneCornerTestCell.h in Headers */,
				AAF23963204F86FD00191285 /* GXPhoneArithmeticHelper.h in Headers */,
				B7CCDC9C1F3DC52000B06BB3 /* GXMainNavigationVC.h in Headers */,
				B78048B31F73BD2C004B5E5B /* GXPhoneCountDownVC.h in Headers */,
				AAD5D928204A9AC300E9D08E /* GXPhoneTwoScrollVC+Two.h in Headers */,
				E46750D7206D49FF001FEFA4 /* GXPhoneTwoScrollSubVC.h in Headers */,
				B7CCDCCD1F3DC52900B06BB3 /* GXPhoneADelegateVC.h in Headers */,
				B7CCDC9E1F3DC52000B06BB3 /* GXMainTabBarViewController.h in Headers */,
				E47F596F205C3ADF000FA790 /* GXPhoneFather.h in Headers */,
				AAF238E3204E3E5F00191285 /* GXPhoneJSModel.h in Headers */,
				B7CCDCD11F3DC52900B06BB3 /* GXPhoneDelegateHeader.h in Headers */,
				B74495E01F56B3970018CC0F /* GXPhoneRouter.h in Headers */,
				E4C3E00E1F4C889800C8E69A /* GXPhoneTouchEventOneView.h in Headers */,
				AAB84D8C2041037400F98FD2 /* GXPhoneTwoScrollVC.h in Headers */,
				B78048231F735EF1004B5E5B /* GXPhonePCH.pch in Headers */,
				B74495DE1F56B3970018CC0F /* GXPhoneNavigator.h in Headers */,
				B7F066401FB5599200E49E85 /* GXPhoneCornerContainerVC.h in Headers */,
				B780481B1F735D80004B5E5B /* GXPikerViewVC.h in Headers */,
				B78048451F736252004B5E5B /* GXPhoneSearchVC.h in Headers */,
				B77153EF1F8A211B004E8F6F /* GXPhoneVideoModel.h in Headers */,
				E47F5973205C3AE8000FA790 /* GXPhoneChild.h in Headers */,
				E4C3E0051F4C847800C8E69A /* GXPhoneDelayPerformMethodVC.h in Headers */,
				B7CCDCDE1F3DC52900B06BB3 /* GXPhoneProtectVC.h in Headers */,
				B759B9FF1F7A2C3700BD1DF6 /* GXPhoneTouchTwoVC.h in Headers */,
				B7CCDC5C1F3DBA7C00B06BB3 /* GXPhoneBus.h in Headers */,
				B78048431F736252004B5E5B /* GXPhoneCategoryVM.h in Headers */,
				AAD5D921204A9AA900E9D08E /* GXPhoneTwoScrollVC+One.h in Headers */,
			);
			runOnlyForDeploymentPostprocessing = 0;
		};
/* End PBXHeadersBuildPhase section */

/* Begin PBXNativeTarget section */
		B716D3CC1F4C4BEB00860791 /* GXShell */ = {
			isa = PBXNativeTarget;
			buildConfigurationList = B716D3E51F4C4BEB00860791 /* Build configuration list for PBXNativeTarget "GXShell" */;
			buildPhases = (
				B716D3C91F4C4BEB00860791 /* Sources */,
				B716D3CA1F4C4BEB00860791 /* Frameworks */,
				B716D3CB1F4C4BEB00860791 /* Resources */,
				B716D3EA1F4C4C4200860791 /* Embed Frameworks */,
			);
			buildRules = (
			);
			dependencies = (
				B716D3E91F4C4C4200860791 /* PBXTargetDependency */,
			);
			name = GXShell;
			productName = GXShell;
			productReference = B716D3CD1F4C4BEB00860791 /* GXShell.app */;
			productType = "com.apple.product-type.application";
		};
		B755550B1F3C502C008D0D01 /* GXPhone */ = {
			isa = PBXNativeTarget;
			buildConfigurationList = B75555201F3C502C008D0D01 /* Build configuration list for PBXNativeTarget "GXPhone" */;
			buildPhases = (
				B75555071F3C502C008D0D01 /* Sources */,
				B75555081F3C502C008D0D01 /* Frameworks */,
				B75555091F3C502C008D0D01 /* Headers */,
				B755550A1F3C502C008D0D01 /* Resources */,
			);
			buildRules = (
			);
			dependencies = (
				AA08D2A82000A99B0062C7CE /* PBXTargetDependency */,
				AA08D2982000A9460062C7CE /* PBXTargetDependency */,
				AA08D29A2000A9460062C7CE /* PBXTargetDependency */,
				AA08D29C2000A9460062C7CE /* PBXTargetDependency */,
			);
			name = GXPhone;
			productName = GXPhone;
			productReference = B755550C1F3C502C008D0D01 /* GXPhone.framework */;
			productType = "com.apple.product-type.framework";
		};
		B75555141F3C502C008D0D01 /* GXPhoneTests */ = {
			isa = PBXNativeTarget;
			buildConfigurationList = B75555231F3C502C008D0D01 /* Build configuration list for PBXNativeTarget "GXPhoneTests" */;
			buildPhases = (
				B75555111F3C502C008D0D01 /* Sources */,
				B75555121F3C502C008D0D01 /* Frameworks */,
				B75555131F3C502C008D0D01 /* Resources */,
			);
			buildRules = (
			);
			dependencies = (
				B75555181F3C502C008D0D01 /* PBXTargetDependency */,
			);
			name = GXPhoneTests;
			productName = GXPhoneTests;
			productReference = B75555151F3C502C008D0D01 /* GXPhoneTests.xctest */;
			productType = "com.apple.product-type.bundle.unit-test";
		};
/* End PBXNativeTarget section */

/* Begin PBXProject section */
		B75555031F3C502C008D0D01 /* Project object */ = {
			isa = PBXProject;
			attributes = {
				LastUpgradeCheck = 0900;
				ORGANIZATIONNAME = sunguangxin;
				TargetAttributes = {
					B716D3CC1F4C4BEB00860791 = {
						CreatedOnToolsVersion = 8.3.3;
						DevelopmentTeam = VEE3B6HDQ5;
						ProvisioningStyle = Automatic;
					};
					B755550B1F3C502C008D0D01 = {
						CreatedOnToolsVersion = 8.3.3;
						DevelopmentTeam = VEE3B6HDQ5;
						ProvisioningStyle = Automatic;
					};
					B75555141F3C502C008D0D01 = {
						CreatedOnToolsVersion = 8.3.3;
						DevelopmentTeam = VEE3B6HDQ5;
						ProvisioningStyle = Automatic;
					};
				};
			};
			buildConfigurationList = B75555061F3C502C008D0D01 /* Build configuration list for PBXProject "GXPhone" */;
			compatibilityVersion = "Xcode 3.2";
			developmentRegion = English;
			hasScannedForEncodings = 0;
			knownRegions = (
				en,
				Base,
			);
			mainGroup = B75555021F3C502C008D0D01;
			productRefGroup = B755550D1F3C502C008D0D01 /* Products */;
			projectDirPath = "";
			projectReferences = (
				{
					ProductGroup = AA08D2632000A8010062C7CE /* Products */;
					ProjectRef = AA08D2622000A8010062C7CE /* GXNetwork.xcodeproj */;
				},
				{
					ProductGroup = AA08D25A2000A7FA0062C7CE /* Products */;
					ProjectRef = AA08D2592000A7FA0062C7CE /* GXPageView.xcodeproj */;
				},
				{
					ProductGroup = AA08D29E2000A94C0062C7CE /* Products */;
					ProjectRef = AA08D29D2000A94C0062C7CE /* GXPodContainer.xcodeproj */;
				},
				{
					ProductGroup = AA08D26C2000A8080062C7CE /* Products */;
					ProjectRef = AA08D26B2000A8080062C7CE /* GXRuler.xcodeproj */;
				},
			);
			projectRoot = "";
			targets = (
				B716D3CC1F4C4BEB00860791 /* GXShell */,
				B755550B1F3C502C008D0D01 /* GXPhone */,
				B75555141F3C502C008D0D01 /* GXPhoneTests */,
			);
		};
/* End PBXProject section */

/* Begin PBXReferenceProxy section */
		AA08D25F2000A7FA0062C7CE /* GXPageView.framework */ = {
			isa = PBXReferenceProxy;
			fileType = wrapper.framework;
			path = GXPageView.framework;
			remoteRef = AA08D25E2000A7FA0062C7CE /* PBXContainerItemProxy */;
			sourceTree = BUILT_PRODUCTS_DIR;
		};
		AA08D2612000A7FA0062C7CE /* GXPageViewShell.app */ = {
			isa = PBXReferenceProxy;
			fileType = wrapper.application;
			path = GXPageViewShell.app;
			remoteRef = AA08D2602000A7FA0062C7CE /* PBXContainerItemProxy */;
			sourceTree = BUILT_PRODUCTS_DIR;
		};
		AA08D2682000A8010062C7CE /* GXNetwork.framework */ = {
			isa = PBXReferenceProxy;
			fileType = wrapper.framework;
			path = GXNetwork.framework;
			remoteRef = AA08D2672000A8010062C7CE /* PBXContainerItemProxy */;
			sourceTree = BUILT_PRODUCTS_DIR;
		};
		AA08D26A2000A8010062C7CE /* GXNetworkTests.xctest */ = {
			isa = PBXReferenceProxy;
			fileType = wrapper.cfbundle;
			path = GXNetworkTests.xctest;
			remoteRef = AA08D2692000A8010062C7CE /* PBXContainerItemProxy */;
			sourceTree = BUILT_PRODUCTS_DIR;
		};
		AA08D2712000A8080062C7CE /* GXRuler.framework */ = {
			isa = PBXReferenceProxy;
			fileType = wrapper.framework;
			path = GXRuler.framework;
			remoteRef = AA08D2702000A8080062C7CE /* PBXContainerItemProxy */;
			sourceTree = BUILT_PRODUCTS_DIR;
		};
		AA08D2732000A8080062C7CE /* GXRulerTests.xctest */ = {
			isa = PBXReferenceProxy;
			fileType = wrapper.cfbundle;
			path = GXRulerTests.xctest;
			remoteRef = AA08D2722000A8080062C7CE /* PBXContainerItemProxy */;
			sourceTree = BUILT_PRODUCTS_DIR;
		};
		AA08D2A22000A94C0062C7CE /* GXPodContainer.framework */ = {
			isa = PBXReferenceProxy;
			fileType = wrapper.framework;
			path = GXPodContainer.framework;
			remoteRef = AA08D2A12000A94C0062C7CE /* PBXContainerItemProxy */;
			sourceTree = BUILT_PRODUCTS_DIR;
		};
/* End PBXReferenceProxy section */

/* Begin PBXResourcesBuildPhase section */
		B716D3CB1F4C4BEB00860791 /* Resources */ = {
			isa = PBXResourcesBuildPhase;
			buildActionMask = 2147483647;
			files = (
			);
			runOnlyForDeploymentPostprocessing = 0;
		};
		B755550A1F3C502C008D0D01 /* Resources */ = {
			isa = PBXResourcesBuildPhase;
			buildActionMask = 2147483647;
			files = (
				B7B6851D1F41AC4D00306EF5 /* GXPhone.xcassets in Resources */,
				AAF238E0204E3DD000191285 /* dynamic.js in Resources */,
				AAF238EA204E66F000191285 /* README.md in Resources */,
				B7B6853B1F41B75B00306EF5 /* startMovie.mp4 in Resources */,
			);
			runOnlyForDeploymentPostprocessing = 0;
		};
		B75555131F3C502C008D0D01 /* Resources */ = {
			isa = PBXResourcesBuildPhase;
			buildActionMask = 2147483647;
			files = (
			);
			runOnlyForDeploymentPostprocessing = 0;
		};
/* End PBXResourcesBuildPhase section */

/* Begin PBXSourcesBuildPhase section */
		B716D3C91F4C4BEB00860791 /* Sources */ = {
			isa = PBXSourcesBuildPhase;
			buildActionMask = 2147483647;
			files = (
				B716D3D11F4C4BEB00860791 /* main.m in Sources */,
			);
			runOnlyForDeploymentPostprocessing = 0;
		};
		B75555071F3C502C008D0D01 /* Sources */ = {
			isa = PBXSourcesBuildPhase;
			buildActionMask = 2147483647;
			files = (
				AAF238E4204E3E5F00191285 /* GXPhoneJSModel.m in Sources */,
				B78048461F736252004B5E5B /* GXPhoneSearchVC.m in Sources */,
				B7CCDC5D1F3DBA7C00B06BB3 /* GXPhoneBus.m in Sources */,
				B7CCDCDF1F3DC52900B06BB3 /* GXPhoneProtectVC.m in Sources */,
				B7F066411FB5599200E49E85 /* GXPhoneCornerContainerVC.m in Sources */,
				B7F066491FB55BB300E49E85 /* GXPhoneCornerTestCell.m in Sources */,
				B7CCDC9F1F3DC52000B06BB3 /* GXMainTabBarViewController.m in Sources */,
				B78048441F736252004B5E5B /* GXPhoneCategoryVM.m in Sources */,
				E47F5974205C3AE8000FA790 /* GXPhoneChild.m in Sources */,
				B7CCDC9D1F3DC52000B06BB3 /* GXMainNavigationVC.m in Sources */,
				E4C3E00F1F4C889800C8E69A /* GXPhoneTouchEventOneView.m in Sources */,
				B78048211F735DF9004B5E5B /* GXPhoneLabelTestVC.m in Sources */,
				B7CCDCCE1F3DC52900B06BB3 /* GXPhoneADelegateVC.m in Sources */,
				AAF23964204F86FD00191285 /* GXPhoneArithmeticHelper.m in Sources */,
				E4C3E0061F4C847800C8E69A /* GXPhoneDelayPerformMethodVC.m in Sources */,
				E47F5970205C3ADF000FA790 /* GXPhoneFather.m in Sources */,
				E4C3E0131F4C88A400C8E69A /* GXPhoneTouchEventTwoView.m in Sources */,
				AAB84D9220410CFE00F98FD2 /* GXPhoneTwoScrollView.m in Sources */,
				B74495DF1F56B3970018CC0F /* GXPhoneNavigator.m in Sources */,
				B780481C1F735D80004B5E5B /* GXPikerViewVC.m in Sources */,
				B7CCDCD01F3DC52900B06BB3 /* GXPhoneBDelegateVC.m in Sources */,
				B77153F01F8A211B004E8F6F /* GXPhoneVideoModel.m in Sources */,
				E4C58B841F44AA3A00DF928F /* GXPhoneStackOverflowVC.m in Sources */,
				B78048481F736252004B5E5B /* GXPhoneUserVC.m in Sources */,
				B75555381F3C5493008D0D01 /* GXPhoneAppDelegate.m in Sources */,
				AAB84D8D2041037400F98FD2 /* GXPhoneTwoScrollVC.m in Sources */,
				AAD5D922204A9AA900E9D08E /* GXPhoneTwoScrollVC+One.m in Sources */,
				AAD5D929204A9AC300E9D08E /* GXPhoneTwoScrollVC+Two.m in Sources */,
				B78048421F736252004B5E5B /* GXPhoneCategoryVC.m in Sources */,
				B7F066451FB55B9900E49E85 /* GXPhoneCornerTestVC.m in Sources */,
				B74495E11F56B3970018CC0F /* GXPhoneRouter.m in Sources */,
				B759BA001F7A2C3700BD1DF6 /* GXPhoneTouchTwoVC.m in Sources */,
				B78048B41F73BD2C004B5E5B /* GXPhoneCountDownVC.m in Sources */,
				E46750D8206D49FF001FEFA4 /* GXPhoneTwoScrollSubVC.m in Sources */,
				E4C3E00B1F4C84C000C8E69A /* GXPhoneTouchEventVC.m in Sources */,
			);
			runOnlyForDeploymentPostprocessing = 0;
		};
		B75555111F3C502C008D0D01 /* Sources */ = {
			isa = PBXSourcesBuildPhase;
			buildActionMask = 2147483647;
			files = (
				E467506F2067F907001FEFA4 /* GXPhoneNotificationThreadTest.m in Sources */,
				E47F5995205D9BB6000FA790 /* GXPhoneTryCatchTest.m in Sources */,
				B755551B1F3C502C008D0D01 /* GXPhoneTests.m in Sources */,
				E47F5969205C3718000FA790 /* GXPhoneSynthesizeTest.m in Sources */,
				E46750D4206D45AD001FEFA4 /* GXPhoneCacheTest.m in Sources */,
				AA9A6D542053D8E400EBDFD3 /* GXPhoneRetainCountTest.m in Sources */,
				AA5358102063E1DB00631810 /* GXPhoneMutbleArrTest.m in Sources */,
				E46750CF206D4266001FEFA4 /* GXPhoneLinguisticTaggerTest.m in Sources */,
				AAF23966204F882A00191285 /* GXPhoneArithmeticTest.m in Sources */,
				E47F5990205D93CE000FA790 /* GXPhoneIsKindOfClassTest.m in Sources */,
				AAF238E6204E4CEC00191285 /* GXPhoneJSTest.m in Sources */,
				E41A6D3720522E1700703405 /* GXPhoneMemoryTest.m in Sources */,
				E47F597A205D6AF6000FA790 /* GXPhoneBlockTypeTest.m in Sources */,
				E41A6D3C2055925300703405 /* GXPhoneAsyncBlockTest.m in Sources */,
				E47F59AB205EC6F4000FA790 /* GXPhoneDelegateResponseTest.m in Sources */,
				E46750B5206BE88D001FEFA4 /* GXPhoneGCDTest.m in Sources */,
				E47F5978205D657E000FA790 /* GXPhoneRuntimeTest.m in Sources */,
				AA6AE2B0205F99E600E447E9 /* GXPhoneStringSeparateTest.m in Sources */,
				E467509C206A9A1D001FEFA4 /* GXPhoneOperationTest.m in Sources */,
				AA781E8E205E3E0C0017B155 /* GXPhonePointerTest.m in Sources */,
				E47F5950205C2EC9000FA790 /* GXPhoneKVOTest.m in Sources */,
				B7BCCD311F57DC6D006B4135 /* GXPhoneSubStrTest.m in Sources */,
				E47F5976205C3CDA000FA790 /* GXPhoneInitMethodTest.m in Sources */,
			);
			runOnlyForDeploymentPostprocessing = 0;
		};
/* End PBXSourcesBuildPhase section */

/* Begin PBXTargetDependency section */
		AA08D2982000A9460062C7CE /* PBXTargetDependency */ = {
			isa = PBXTargetDependency;
			name = GXRuler;
			targetProxy = AA08D2972000A9460062C7CE /* PBXContainerItemProxy */;
		};
		AA08D29A2000A9460062C7CE /* PBXTargetDependency */ = {
			isa = PBXTargetDependency;
			name = GXNetwork;
			targetProxy = AA08D2992000A9460062C7CE /* PBXContainerItemProxy */;
		};
		AA08D29C2000A9460062C7CE /* PBXTargetDependency */ = {
			isa = PBXTargetDependency;
			name = GXPageView;
			targetProxy = AA08D29B2000A9460062C7CE /* PBXContainerItemProxy */;
		};
		AA08D2A82000A99B0062C7CE /* PBXTargetDependency */ = {
			isa = PBXTargetDependency;
			name = GXPodContainer;
			targetProxy = AA08D2A72000A99B0062C7CE /* PBXContainerItemProxy */;
		};
		B716D3E91F4C4C4200860791 /* PBXTargetDependency */ = {
			isa = PBXTargetDependency;
			target = B755550B1F3C502C008D0D01 /* GXPhone */;
			targetProxy = B716D3E81F4C4C4200860791 /* PBXContainerItemProxy */;
		};
		B75555181F3C502C008D0D01 /* PBXTargetDependency */ = {
			isa = PBXTargetDependency;
			target = B755550B1F3C502C008D0D01 /* GXPhone */;
			targetProxy = B75555171F3C502C008D0D01 /* PBXContainerItemProxy */;
		};
/* End PBXTargetDependency section */

/* Begin XCBuildConfiguration section */
		B716D3E11F4C4BEB00860791 /* Debug */ = {
			isa = XCBuildConfiguration;
			buildSettings = {
				DEBUG_INFORMATION_FORMAT = "dwarf-with-dsym";
				DEVELOPMENT_TEAM = VEE3B6HDQ5;
				INFOPLIST_FILE = GXShell/Info.plist;
				IPHONEOS_DEPLOYMENT_TARGET = 8.0;
				LD_RUNPATH_SEARCH_PATHS = "$(inherited) @executable_path/Frameworks";
				PRODUCT_BUNDLE_IDENTIFIER = com.sgx.GXShell;
				PRODUCT_NAME = "$(TARGET_NAME)";
			};
			name = Debug;
		};
		B716D3E21F4C4BEB00860791 /* Release */ = {
			isa = XCBuildConfiguration;
			buildSettings = {
				DEVELOPMENT_TEAM = VEE3B6HDQ5;
				INFOPLIST_FILE = GXShell/Info.plist;
				IPHONEOS_DEPLOYMENT_TARGET = 8.0;
				LD_RUNPATH_SEARCH_PATHS = "$(inherited) @executable_path/Frameworks";
				PRODUCT_BUNDLE_IDENTIFIER = com.sgx.GXShell;
				PRODUCT_NAME = "$(TARGET_NAME)";
			};
			name = Release;
		};
		B755551E1F3C502C008D0D01 /* Debug */ = {
			isa = XCBuildConfiguration;
			buildSettings = {
				ALWAYS_SEARCH_USER_PATHS = NO;
				CLANG_ANALYZER_NONNULL = YES;
				CLANG_ANALYZER_NUMBER_OBJECT_CONVERSION = YES_AGGRESSIVE;
				CLANG_CXX_LANGUAGE_STANDARD = "gnu++0x";
				CLANG_CXX_LIBRARY = "libc++";
				CLANG_ENABLE_MODULES = YES;
				CLANG_ENABLE_OBJC_ARC = YES;
				CLANG_WARN_BLOCK_CAPTURE_AUTORELEASING = YES;
				CLANG_WARN_BOOL_CONVERSION = YES;
				CLANG_WARN_COMMA = YES;
				CLANG_WARN_CONSTANT_CONVERSION = YES;
				CLANG_WARN_DIRECT_OBJC_ISA_USAGE = YES_ERROR;
				CLANG_WARN_DOCUMENTATION_COMMENTS = YES;
				CLANG_WARN_EMPTY_BODY = YES;
				CLANG_WARN_ENUM_CONVERSION = YES;
				CLANG_WARN_INFINITE_RECURSION = YES;
				CLANG_WARN_INT_CONVERSION = YES;
				CLANG_WARN_NON_LITERAL_NULL_CONVERSION = YES;
				CLANG_WARN_OBJC_LITERAL_CONVERSION = YES;
				CLANG_WARN_OBJC_ROOT_CLASS = YES_ERROR;
				CLANG_WARN_RANGE_LOOP_ANALYSIS = YES;
				CLANG_WARN_STRICT_PROTOTYPES = YES;
				CLANG_WARN_SUSPICIOUS_MOVE = YES;
				CLANG_WARN_UNREACHABLE_CODE = YES;
				CLANG_WARN__DUPLICATE_METHOD_MATCH = YES;
				"CODE_SIGN_IDENTITY[sdk=iphoneos*]" = "iPhone Developer";
				COPY_PHASE_STRIP = NO;
				CURRENT_PROJECT_VERSION = 1;
				DEBUG_INFORMATION_FORMAT = dwarf;
				ENABLE_STRICT_OBJC_MSGSEND = YES;
				ENABLE_TESTABILITY = YES;
				GCC_C_LANGUAGE_STANDARD = gnu99;
				GCC_DYNAMIC_NO_PIC = NO;
				GCC_NO_COMMON_BLOCKS = YES;
				GCC_OPTIMIZATION_LEVEL = 0;
				GCC_PREPROCESSOR_DEFINITIONS = (
					"DEBUG=1",
					"$(inherited)",
				);
				GCC_WARN_64_TO_32_BIT_CONVERSION = YES;
				GCC_WARN_ABOUT_RETURN_TYPE = YES_ERROR;
				GCC_WARN_UNDECLARED_SELECTOR = YES;
				GCC_WARN_UNINITIALIZED_AUTOS = YES_AGGRESSIVE;
				GCC_WARN_UNUSED_FUNCTION = YES;
				GCC_WARN_UNUSED_VARIABLE = YES;
				IPHONEOS_DEPLOYMENT_TARGET = 10.3;
				MTL_ENABLE_DEBUG_INFO = YES;
				ONLY_ACTIVE_ARCH = YES;
				SDKROOT = iphoneos;
				TARGETED_DEVICE_FAMILY = "1,2";
				VERSIONING_SYSTEM = "apple-generic";
				VERSION_INFO_PREFIX = "";
			};
			name = Debug;
		};
		B755551F1F3C502C008D0D01 /* Release */ = {
			isa = XCBuildConfiguration;
			buildSettings = {
				ALWAYS_SEARCH_USER_PATHS = NO;
				CLANG_ANALYZER_NONNULL = YES;
				CLANG_ANALYZER_NUMBER_OBJECT_CONVERSION = YES_AGGRESSIVE;
				CLANG_CXX_LANGUAGE_STANDARD = "gnu++0x";
				CLANG_CXX_LIBRARY = "libc++";
				CLANG_ENABLE_MODULES = YES;
				CLANG_ENABLE_OBJC_ARC = YES;
				CLANG_WARN_BLOCK_CAPTURE_AUTORELEASING = YES;
				CLANG_WARN_BOOL_CONVERSION = YES;
				CLANG_WARN_COMMA = YES;
				CLANG_WARN_CONSTANT_CONVERSION = YES;
				CLANG_WARN_DIRECT_OBJC_ISA_USAGE = YES_ERROR;
				CLANG_WARN_DOCUMENTATION_COMMENTS = YES;
				CLANG_WARN_EMPTY_BODY = YES;
				CLANG_WARN_ENUM_CONVERSION = YES;
				CLANG_WARN_INFINITE_RECURSION = YES;
				CLANG_WARN_INT_CONVERSION = YES;
				CLANG_WARN_NON_LITERAL_NULL_CONVERSION = YES;
				CLANG_WARN_OBJC_LITERAL_CONVERSION = YES;
				CLANG_WARN_OBJC_ROOT_CLASS = YES_ERROR;
				CLANG_WARN_RANGE_LOOP_ANALYSIS = YES;
				CLANG_WARN_STRICT_PROTOTYPES = YES;
				CLANG_WARN_SUSPICIOUS_MOVE = YES;
				CLANG_WARN_UNREACHABLE_CODE = YES;
				CLANG_WARN__DUPLICATE_METHOD_MATCH = YES;
				"CODE_SIGN_IDENTITY[sdk=iphoneos*]" = "iPhone Developer";
				COPY_PHASE_STRIP = NO;
				CURRENT_PROJECT_VERSION = 1;
				DEBUG_INFORMATION_FORMAT = "dwarf-with-dsym";
				ENABLE_NS_ASSERTIONS = NO;
				ENABLE_STRICT_OBJC_MSGSEND = YES;
				GCC_C_LANGUAGE_STANDARD = gnu99;
				GCC_NO_COMMON_BLOCKS = YES;
				GCC_WARN_64_TO_32_BIT_CONVERSION = YES;
				GCC_WARN_ABOUT_RETURN_TYPE = YES_ERROR;
				GCC_WARN_UNDECLARED_SELECTOR = YES;
				GCC_WARN_UNINITIALIZED_AUTOS = YES_AGGRESSIVE;
				GCC_WARN_UNUSED_FUNCTION = YES;
				GCC_WARN_UNUSED_VARIABLE = YES;
				IPHONEOS_DEPLOYMENT_TARGET = 10.3;
				MTL_ENABLE_DEBUG_INFO = NO;
				SDKROOT = iphoneos;
				TARGETED_DEVICE_FAMILY = "1,2";
				VALIDATE_PRODUCT = YES;
				VERSIONING_SYSTEM = "apple-generic";
				VERSION_INFO_PREFIX = "";
			};
			name = Release;
		};
		B75555211F3C502C008D0D01 /* Debug */ = {
			isa = XCBuildConfiguration;
			buildSettings = {
				CODE_SIGN_IDENTITY = "";
				DEFINES_MODULE = YES;
				DEVELOPMENT_TEAM = VEE3B6HDQ5;
				DYLIB_COMPATIBILITY_VERSION = 1;
				DYLIB_CURRENT_VERSION = 1;
				DYLIB_INSTALL_NAME_BASE = "@rpath";
				FRAMEWORK_SEARCH_PATHS = (
					"$(inherited)",
					"$(PROJECT_DIR)",
				);
				GCC_PRECOMPILE_PREFIX_HEADER = YES;
				GCC_PREFIX_HEADER = "$(SRCROOT)/GXPhone/GXPhonePCH.pch";
				INFOPLIST_FILE = GXPhone/Info.plist;
				INSTALL_PATH = "$(LOCAL_LIBRARY_DIR)/Frameworks";
				IPHONEOS_DEPLOYMENT_TARGET = 8.0;
				LD_RUNPATH_SEARCH_PATHS = "$(inherited) @executable_path/Frameworks @loader_path/Frameworks";
				PRODUCT_BUNDLE_IDENTIFIER = com.sgx.GXPhone;
				PRODUCT_NAME = "$(TARGET_NAME)";
				SKIP_INSTALL = YES;
			};
			name = Debug;
		};
		B75555221F3C502C008D0D01 /* Release */ = {
			isa = XCBuildConfiguration;
			buildSettings = {
				CODE_SIGN_IDENTITY = "";
				DEFINES_MODULE = YES;
				DEVELOPMENT_TEAM = VEE3B6HDQ5;
				DYLIB_COMPATIBILITY_VERSION = 1;
				DYLIB_CURRENT_VERSION = 1;
				DYLIB_INSTALL_NAME_BASE = "@rpath";
				FRAMEWORK_SEARCH_PATHS = (
					"$(inherited)",
					"$(PROJECT_DIR)",
				);
				GCC_PRECOMPILE_PREFIX_HEADER = YES;
				GCC_PREFIX_HEADER = "$(SRCROOT)/GXPhone/GXPhonePCH.pch";
				INFOPLIST_FILE = GXPhone/Info.plist;
				INSTALL_PATH = "$(LOCAL_LIBRARY_DIR)/Frameworks";
				IPHONEOS_DEPLOYMENT_TARGET = 8.0;
				LD_RUNPATH_SEARCH_PATHS = "$(inherited) @executable_path/Frameworks @loader_path/Frameworks";
				PRODUCT_BUNDLE_IDENTIFIER = com.sgx.GXPhone;
				PRODUCT_NAME = "$(TARGET_NAME)";
				SKIP_INSTALL = YES;
			};
			name = Release;
		};
		B75555241F3C502C008D0D01 /* Debug */ = {
			isa = XCBuildConfiguration;
			buildSettings = {
				DEVELOPMENT_TEAM = VEE3B6HDQ5;
				INFOPLIST_FILE = GXPhoneTests/Info.plist;
				LD_RUNPATH_SEARCH_PATHS = "$(inherited) @executable_path/Frameworks @loader_path/Frameworks";
				PRODUCT_BUNDLE_IDENTIFIER = com.sgx.GXPhoneTests;
				PRODUCT_NAME = "$(TARGET_NAME)";
			};
			name = Debug;
		};
		B75555251F3C502C008D0D01 /* Release */ = {
			isa = XCBuildConfiguration;
			buildSettings = {
				DEVELOPMENT_TEAM = VEE3B6HDQ5;
				INFOPLIST_FILE = GXPhoneTests/Info.plist;
				LD_RUNPATH_SEARCH_PATHS = "$(inherited) @executable_path/Frameworks @loader_path/Frameworks";
				PRODUCT_BUNDLE_IDENTIFIER = com.sgx.GXPhoneTests;
				PRODUCT_NAME = "$(TARGET_NAME)";
			};
			name = Release;
		};
/* End XCBuildConfiguration section */

/* Begin XCConfigurationList section */
		B716D3E51F4C4BEB00860791 /* Build configuration list for PBXNativeTarget "GXShell" */ = {
			isa = XCConfigurationList;
			buildConfigurations = (
				B716D3E11F4C4BEB00860791 /* Debug */,
				B716D3E21F4C4BEB00860791 /* Release */,
			);
			defaultConfigurationIsVisible = 0;
			defaultConfigurationName = Release;
		};
		B75555061F3C502C008D0D01 /* Build configuration list for PBXProject "GXPhone" */ = {
			isa = XCConfigurationList;
			buildConfigurations = (
				B755551E1F3C502C008D0D01 /* Debug */,
				B755551F1F3C502C008D0D01 /* Release */,
			);
			defaultConfigurationIsVisible = 0;
			defaultConfigurationName = Release;
		};
		B75555201F3C502C008D0D01 /* Build configuration list for PBXNativeTarget "GXPhone" */ = {
			isa = XCConfigurationList;
			buildConfigurations = (
				B75555211F3C502C008D0D01 /* Debug */,
				B75555221F3C502C008D0D01 /* Release */,
			);
			defaultConfigurationIsVisible = 0;
			defaultConfigurationName = Release;
		};
		B75555231F3C502C008D0D01 /* Build configuration list for PBXNativeTarget "GXPhoneTests" */ = {
			isa = XCConfigurationList;
			buildConfigurations = (
				B75555241F3C502C008D0D01 /* Debug */,
				B75555251F3C502C008D0D01 /* Release */,
			);
			defaultConfigurationIsVisible = 0;
			defaultConfigurationName = Release;
		};
/* End XCConfigurationList section */
	};
	rootObject = B75555031F3C502C008D0D01 /* Project object */;
}
